// !$*UTF8*$!
{
	archiveVersion = 1;
	classes = {
	};
	objectVersion = 52;
	objects = {

/* Begin PBXBuildFile section */
		C76A07B126744C4200042C42 /* StatePlist.swift in Sources */ = {isa = PBXBuildFile; fileRef = C76A07B026744C4200042C42 /* StatePlist.swift */; };
		C76A07B326744F4800042C42 /* TopicPlist.swift in Sources */ = {isa = PBXBuildFile; fileRef = C76A07B226744F4800042C42 /* TopicPlist.swift */; };
		C76A07B52674532800042C42 /* WritingsPlist.swift in Sources */ = {isa = PBXBuildFile; fileRef = C76A07B42674532800042C42 /* WritingsPlist.swift */; };
		C76A07B72674545800042C42 /* CityPlist.swift in Sources */ = {isa = PBXBuildFile; fileRef = C76A07B62674545800042C42 /* CityPlist.swift */; };
		C76A07B92674555E00042C42 /* PersonPlist.swift in Sources */ = {isa = PBXBuildFile; fileRef = C76A07B82674555E00042C42 /* PersonPlist.swift */; };
		C76A07BB26745C3C00042C42 /* EducationPlist.swift in Sources */ = {isa = PBXBuildFile; fileRef = C76A07BA26745C3C00042C42 /* EducationPlist.swift */; };
		C76A07BD26745F5000042C42 /* FactPlist.swift in Sources */ = {isa = PBXBuildFile; fileRef = C76A07BC26745F5000042C42 /* FactPlist.swift */; };
		C76A07BF26745FF600042C42 /* ProfessionPlist.swift in Sources */ = {isa = PBXBuildFile; fileRef = C76A07BE26745FF600042C42 /* ProfessionPlist.swift */; };
		C76A07C1267460A300042C42 /* AuthorshipPlist.swift in Sources */ = {isa = PBXBuildFile; fileRef = C76A07C0267460A300042C42 /* AuthorshipPlist.swift */; };
		C76A07C3267461AC00042C42 /* QuotePlist.swift in Sources */ = {isa = PBXBuildFile; fileRef = C76A07C2267461AC00042C42 /* QuotePlist.swift */; };
		C770FD982673DD4C00BAB970 /* ThemeManager.swift in Sources */ = {isa = PBXBuildFile; fileRef = C770FD972673DD4C00BAB970 /* ThemeManager.swift */; };
		C770FD9A2673DD8100BAB970 /* Constants.swift in Sources */ = {isa = PBXBuildFile; fileRef = C770FD992673DD8100BAB970 /* Constants.swift */; };
		C770FDA32673EC2C00BAB970 /* S123Common in Frameworks */ = {isa = PBXBuildFile; productRef = C770FDA22673EC2C00BAB970 /* S123Common */; };
		C770FDA82673F89F00BAB970 /* TypeAliases.swift in Sources */ = {isa = PBXBuildFile; fileRef = C770FDA72673F89F00BAB970 /* TypeAliases.swift */; };
		C770FDAB2674188300BAB970 /* countries_v1.plist in Resources */ = {isa = PBXBuildFile; fileRef = C770FDAA2674188300BAB970 /* countries_v1.plist */; };
		C770FDAD267424E600BAB970 /* PListImporter.swift in Sources */ = {isa = PBXBuildFile; fileRef = C770FDAC267424E600BAB970 /* PListImporter.swift */; };
		C770FDAF267425E300BAB970 /* PListSeeder.swift in Sources */ = {isa = PBXBuildFile; fileRef = C770FDAE267425E300BAB970 /* PListSeeder.swift */; };
		C770FDB12674273800BAB970 /* UserDefaultKeys.swift in Sources */ = {isa = PBXBuildFile; fileRef = C770FDB02674273800BAB970 /* UserDefaultKeys.swift */; };
		C770FDB42674332B00BAB970 /* CountryPlist.swift in Sources */ = {isa = PBXBuildFile; fileRef = C770FDB32674332B00BAB970 /* CountryPlist.swift */; };
		C770FDB626743D6900BAB970 /* events_v1.plist in Resources */ = {isa = PBXBuildFile; fileRef = C770FDB526743D6900BAB970 /* events_v1.plist */; };
		C770FDB826743D8F00BAB970 /* EventPlist.swift in Sources */ = {isa = PBXBuildFile; fileRef = C770FDB726743D8F00BAB970 /* EventPlist.swift */; };
		C774365B26744A040087D85F /* facts_v1.plist in Resources */ = {isa = PBXBuildFile; fileRef = C7743651267449FC0087D85F /* facts_v1.plist */; };
		C774365C26744A040087D85F /* professions_v1.plist in Resources */ = {isa = PBXBuildFile; fileRef = C7743652267449FD0087D85F /* professions_v1.plist */; };
		C774365D26744A040087D85F /* education_v1.plist in Resources */ = {isa = PBXBuildFile; fileRef = C7743653267449FE0087D85F /* education_v1.plist */; };
		C774365E26744A040087D85F /* states_v1.plist in Resources */ = {isa = PBXBuildFile; fileRef = C7743654267449FF0087D85F /* states_v1.plist */; };
		C774365F26744A040087D85F /* quotes_v1.plist in Resources */ = {isa = PBXBuildFile; fileRef = C774365526744A000087D85F /* quotes_v1.plist */; };
		C774366026744A040087D85F /* persons_v1.plist in Resources */ = {isa = PBXBuildFile; fileRef = C774365626744A000087D85F /* persons_v1.plist */; };
		C774366126744A040087D85F /* cities_v1.plist in Resources */ = {isa = PBXBuildFile; fileRef = C774365726744A010087D85F /* cities_v1.plist */; };
		C774366226744A040087D85F /* writings_v1.plist in Resources */ = {isa = PBXBuildFile; fileRef = C774365826744A020087D85F /* writings_v1.plist */; };
		C774366326744A040087D85F /* authorships_v1.plist in Resources */ = {isa = PBXBuildFile; fileRef = C774365926744A030087D85F /* authorships_v1.plist */; };
		C774366426744A040087D85F /* topics_v1.plist in Resources */ = {isa = PBXBuildFile; fileRef = C774365A26744A040087D85F /* topics_v1.plist */; };
		C785E63E2676F09B0077D397 /* IsFavoriteToggleButton.swift in Sources */ = {isa = PBXBuildFile; fileRef = C785E63D2676F09B0077D397 /* IsFavoriteToggleButton.swift */; };
		C785E6402676F1F50077D397 /* FavoritesList.swift in Sources */ = {isa = PBXBuildFile; fileRef = C785E63F2676F1F50077D397 /* FavoritesList.swift */; };
		C798F1B62677B96F00E3DC39 /* WelcomeView.swift in Sources */ = {isa = PBXBuildFile; fileRef = C798F1B52677B96F00E3DC39 /* WelcomeView.swift */; };
		C7A24E522675409A000D1952 /* FoundersTabItem.swift in Sources */ = {isa = PBXBuildFile; fileRef = C7A24E512675409A000D1952 /* FoundersTabItem.swift */; };
		C7A24E542675416D000D1952 /* FoundersList.swift in Sources */ = {isa = PBXBuildFile; fileRef = C7A24E532675416D000D1952 /* FoundersList.swift */; };
		C7A24E562675420E000D1952 /* FounderRow.swift in Sources */ = {isa = PBXBuildFile; fileRef = C7A24E552675420E000D1952 /* FounderRow.swift */; };
		C7A24E5826754280000D1952 /* FounderDetail.swift in Sources */ = {isa = PBXBuildFile; fileRef = C7A24E5726754280000D1952 /* FounderDetail.swift */; };
		C7A24E5B26754BF6000D1952 /* DocumentsTabItem.swift in Sources */ = {isa = PBXBuildFile; fileRef = C7A24E5A26754BF6000D1952 /* DocumentsTabItem.swift */; };
		C7A24E5E26754D95000D1952 /* EventsTabItem.swift in Sources */ = {isa = PBXBuildFile; fileRef = C7A24E5D26754D95000D1952 /* EventsTabItem.swift */; };
		C7A24E6126754DDF000D1952 /* TopicsTabItem.swift in Sources */ = {isa = PBXBuildFile; fileRef = C7A24E6026754DDF000D1952 /* TopicsTabItem.swift */; };
		C7A24E6426754E52000D1952 /* FavoritesTabItem.swift in Sources */ = {isa = PBXBuildFile; fileRef = C7A24E6326754E52000D1952 /* FavoritesTabItem.swift */; };
		C7A24E6726754E8C000D1952 /* AboutTabItem.swift in Sources */ = {isa = PBXBuildFile; fileRef = C7A24E6626754E8C000D1952 /* AboutTabItem.swift */; };
		C7A24E6A26754F18000D1952 /* EventsList.swift in Sources */ = {isa = PBXBuildFile; fileRef = C7A24E6926754F18000D1952 /* EventsList.swift */; };
		C7A24E6C267552F6000D1952 /* EventsDetail.swift in Sources */ = {isa = PBXBuildFile; fileRef = C7A24E6B267552F6000D1952 /* EventsDetail.swift */; };
		C7A24E6E26755490000D1952 /* EventsRow.swift in Sources */ = {isa = PBXBuildFile; fileRef = C7A24E6D26755490000D1952 /* EventsRow.swift */; };
		C7CB9D2F2675634A009F929A /* TopicsList.swift in Sources */ = {isa = PBXBuildFile; fileRef = C7CB9D2E2675634A009F929A /* TopicsList.swift */; };
		C7CB9D3126756356009F929A /* TopicsRow.swift in Sources */ = {isa = PBXBuildFile; fileRef = C7CB9D3026756356009F929A /* TopicsRow.swift */; };
		C7CB9D3326756366009F929A /* TopicsDetail.swift in Sources */ = {isa = PBXBuildFile; fileRef = C7CB9D3226756366009F929A /* TopicsDetail.swift */; };
		C7CB9D35267566F3009F929A /* AboutList.swift in Sources */ = {isa = PBXBuildFile; fileRef = C7CB9D34267566F3009F929A /* AboutList.swift */; };
		C7CB9D39267697C0009F929A /* ApplicationSection.swift in Sources */ = {isa = PBXBuildFile; fileRef = C7CB9D38267697C0009F929A /* ApplicationSection.swift */; };
		C7CB9D3B2676982E009F929A /* FeedbackSection.swift in Sources */ = {isa = PBXBuildFile; fileRef = C7CB9D3A2676982E009F929A /* FeedbackSection.swift */; };
		C7CB9D3F267698EF009F929A /* CreditsView.swift in Sources */ = {isa = PBXBuildFile; fileRef = C7CB9D3E267698EF009F929A /* CreditsView.swift */; };
		C7CB9D412676A461009F929A /* AppInfoView.swift in Sources */ = {isa = PBXBuildFile; fileRef = C7CB9D402676A461009F929A /* AppInfoView.swift */; };
		C7CB9D452676AFAA009F929A /* SKStoreReviewController+Enhancements.swift in Sources */ = {isa = PBXBuildFile; fileRef = C7CB9D442676AFAA009F929A /* SKStoreReviewController+Enhancements.swift */; };
		C7CB9D472676B0C4009F929A /* MailView.swift in Sources */ = {isa = PBXBuildFile; fileRef = C7CB9D462676B0C4009F929A /* MailView.swift */; };
		C7CB9D492676BAB2009F929A /* docs_v1.plist in Resources */ = {isa = PBXBuildFile; fileRef = C7CB9D482676BAB2009F929A /* docs_v1.plist */; };
		C7CB9D4C2676C070009F929A /* DeclarationOfIndependence.swift in Sources */ = {isa = PBXBuildFile; fileRef = C7CB9D4B2676C070009F929A /* DeclarationOfIndependence.swift */; };
		C7CB9D4E2676C36B009F929A /* AttributedTextView.swift in Sources */ = {isa = PBXBuildFile; fileRef = C7CB9D4D2676C36B009F929A /* AttributedTextView.swift */; };
		C7CB9D502676C939009F929A /* DocumentsList.swift in Sources */ = {isa = PBXBuildFile; fileRef = C7CB9D4F2676C939009F929A /* DocumentsList.swift */; };
		C7CB9D522676CE0B009F929A /* ArticlesOfConfederation.swift in Sources */ = {isa = PBXBuildFile; fileRef = C7CB9D512676CE0B009F929A /* ArticlesOfConfederation.swift */; };
		C7CB9D542676D3DC009F929A /* USConstitution.swift in Sources */ = {isa = PBXBuildFile; fileRef = C7CB9D532676D3DC009F929A /* USConstitution.swift */; };
		C7E2DF1E26730B6000D098FE /* Spirit_of_76App.swift in Sources */ = {isa = PBXBuildFile; fileRef = C7E2DF1D26730B6000D098FE /* Spirit_of_76App.swift */; };
		C7E2DF2026730B6000D098FE /* ContentView.swift in Sources */ = {isa = PBXBuildFile; fileRef = C7E2DF1F26730B6000D098FE /* ContentView.swift */; };
		C7E2DF2226730B6300D098FE /* Assets.xcassets in Resources */ = {isa = PBXBuildFile; fileRef = C7E2DF2126730B6300D098FE /* Assets.xcassets */; };
		C7E2DF2526730B6300D098FE /* Preview Assets.xcassets in Resources */ = {isa = PBXBuildFile; fileRef = C7E2DF2426730B6300D098FE /* Preview Assets.xcassets */; };
		C7E2DF2726730B6300D098FE /* Persistence.swift in Sources */ = {isa = PBXBuildFile; fileRef = C7E2DF2626730B6300D098FE /* Persistence.swift */; };
		C7E2DF2A26730B6300D098FE /* Spirit_of_76.xcdatamodeld in Sources */ = {isa = PBXBuildFile; fileRef = C7E2DF2826730B6300D098FE /* Spirit_of_76.xcdatamodeld */; };
/* End PBXBuildFile section */

/* Begin PBXFileReference section */
		C76A07B026744C4200042C42 /* StatePlist.swift */ = {isa = PBXFileReference; lastKnownFileType = sourcecode.swift; path = StatePlist.swift; sourceTree = "<group>"; };
		C76A07B226744F4800042C42 /* TopicPlist.swift */ = {isa = PBXFileReference; lastKnownFileType = sourcecode.swift; path = TopicPlist.swift; sourceTree = "<group>"; };
		C76A07B42674532800042C42 /* WritingsPlist.swift */ = {isa = PBXFileReference; lastKnownFileType = sourcecode.swift; path = WritingsPlist.swift; sourceTree = "<group>"; };
		C76A07B62674545800042C42 /* CityPlist.swift */ = {isa = PBXFileReference; lastKnownFileType = sourcecode.swift; path = CityPlist.swift; sourceTree = "<group>"; };
		C76A07B82674555E00042C42 /* PersonPlist.swift */ = {isa = PBXFileReference; lastKnownFileType = sourcecode.swift; path = PersonPlist.swift; sourceTree = "<group>"; };
		C76A07BA26745C3C00042C42 /* EducationPlist.swift */ = {isa = PBXFileReference; lastKnownFileType = sourcecode.swift; path = EducationPlist.swift; sourceTree = "<group>"; };
		C76A07BC26745F5000042C42 /* FactPlist.swift */ = {isa = PBXFileReference; lastKnownFileType = sourcecode.swift; path = FactPlist.swift; sourceTree = "<group>"; };
		C76A07BE26745FF600042C42 /* ProfessionPlist.swift */ = {isa = PBXFileReference; lastKnownFileType = sourcecode.swift; path = ProfessionPlist.swift; sourceTree = "<group>"; };
		C76A07C0267460A300042C42 /* AuthorshipPlist.swift */ = {isa = PBXFileReference; lastKnownFileType = sourcecode.swift; path = AuthorshipPlist.swift; sourceTree = "<group>"; };
		C76A07C2267461AC00042C42 /* QuotePlist.swift */ = {isa = PBXFileReference; lastKnownFileType = sourcecode.swift; path = QuotePlist.swift; sourceTree = "<group>"; };
		C770FD972673DD4C00BAB970 /* ThemeManager.swift */ = {isa = PBXFileReference; lastKnownFileType = sourcecode.swift; path = ThemeManager.swift; sourceTree = "<group>"; };
		C770FD992673DD8100BAB970 /* Constants.swift */ = {isa = PBXFileReference; lastKnownFileType = sourcecode.swift; path = Constants.swift; sourceTree = "<group>"; };
		C770FDA72673F89F00BAB970 /* TypeAliases.swift */ = {isa = PBXFileReference; lastKnownFileType = sourcecode.swift; path = TypeAliases.swift; sourceTree = "<group>"; };
		C770FDAA2674188300BAB970 /* countries_v1.plist */ = {isa = PBXFileReference; fileEncoding = 4; lastKnownFileType = text.plist.xml; path = countries_v1.plist; sourceTree = "<group>"; };
		C770FDAC267424E600BAB970 /* PListImporter.swift */ = {isa = PBXFileReference; lastKnownFileType = sourcecode.swift; path = PListImporter.swift; sourceTree = "<group>"; };
		C770FDAE267425E300BAB970 /* PListSeeder.swift */ = {isa = PBXFileReference; lastKnownFileType = sourcecode.swift; path = PListSeeder.swift; sourceTree = "<group>"; };
		C770FDB02674273800BAB970 /* UserDefaultKeys.swift */ = {isa = PBXFileReference; lastKnownFileType = sourcecode.swift; path = UserDefaultKeys.swift; sourceTree = "<group>"; };
		C770FDB32674332B00BAB970 /* CountryPlist.swift */ = {isa = PBXFileReference; lastKnownFileType = sourcecode.swift; path = CountryPlist.swift; sourceTree = "<group>"; };
		C770FDB526743D6900BAB970 /* events_v1.plist */ = {isa = PBXFileReference; fileEncoding = 4; lastKnownFileType = text.plist.xml; path = events_v1.plist; sourceTree = "<group>"; };
		C770FDB726743D8F00BAB970 /* EventPlist.swift */ = {isa = PBXFileReference; lastKnownFileType = sourcecode.swift; path = EventPlist.swift; sourceTree = "<group>"; };
		C7743651267449FC0087D85F /* facts_v1.plist */ = {isa = PBXFileReference; fileEncoding = 4; lastKnownFileType = text.plist.xml; path = facts_v1.plist; sourceTree = "<group>"; };
		C7743652267449FD0087D85F /* professions_v1.plist */ = {isa = PBXFileReference; fileEncoding = 4; lastKnownFileType = text.plist.xml; path = professions_v1.plist; sourceTree = "<group>"; };
		C7743653267449FE0087D85F /* education_v1.plist */ = {isa = PBXFileReference; fileEncoding = 4; lastKnownFileType = text.plist.xml; path = education_v1.plist; sourceTree = "<group>"; };
		C7743654267449FF0087D85F /* states_v1.plist */ = {isa = PBXFileReference; fileEncoding = 4; lastKnownFileType = text.plist.xml; path = states_v1.plist; sourceTree = "<group>"; };
		C774365526744A000087D85F /* quotes_v1.plist */ = {isa = PBXFileReference; fileEncoding = 4; lastKnownFileType = text.plist.xml; path = quotes_v1.plist; sourceTree = "<group>"; };
		C774365626744A000087D85F /* persons_v1.plist */ = {isa = PBXFileReference; fileEncoding = 4; lastKnownFileType = text.plist.xml; path = persons_v1.plist; sourceTree = "<group>"; };
		C774365726744A010087D85F /* cities_v1.plist */ = {isa = PBXFileReference; fileEncoding = 4; lastKnownFileType = text.plist.xml; path = cities_v1.plist; sourceTree = "<group>"; };
		C774365826744A020087D85F /* writings_v1.plist */ = {isa = PBXFileReference; fileEncoding = 4; lastKnownFileType = text.plist.xml; path = writings_v1.plist; sourceTree = "<group>"; };
		C774365926744A030087D85F /* authorships_v1.plist */ = {isa = PBXFileReference; fileEncoding = 4; lastKnownFileType = text.plist.xml; path = authorships_v1.plist; sourceTree = "<group>"; };
		C774365A26744A040087D85F /* topics_v1.plist */ = {isa = PBXFileReference; fileEncoding = 4; lastKnownFileType = text.plist.xml; path = topics_v1.plist; sourceTree = "<group>"; };
		C785E63D2676F09B0077D397 /* IsFavoriteToggleButton.swift */ = {isa = PBXFileReference; lastKnownFileType = sourcecode.swift; path = IsFavoriteToggleButton.swift; sourceTree = "<group>"; };
		C785E63F2676F1F50077D397 /* FavoritesList.swift */ = {isa = PBXFileReference; lastKnownFileType = sourcecode.swift; path = FavoritesList.swift; sourceTree = "<group>"; };
		C798F1B52677B96F00E3DC39 /* WelcomeView.swift */ = {isa = PBXFileReference; lastKnownFileType = sourcecode.swift; path = WelcomeView.swift; sourceTree = "<group>"; };
		C7A24E512675409A000D1952 /* FoundersTabItem.swift */ = {isa = PBXFileReference; lastKnownFileType = sourcecode.swift; path = FoundersTabItem.swift; sourceTree = "<group>"; };
		C7A24E532675416D000D1952 /* FoundersList.swift */ = {isa = PBXFileReference; lastKnownFileType = sourcecode.swift; path = FoundersList.swift; sourceTree = "<group>"; };
		C7A24E552675420E000D1952 /* FounderRow.swift */ = {isa = PBXFileReference; lastKnownFileType = sourcecode.swift; path = FounderRow.swift; sourceTree = "<group>"; };
		C7A24E5726754280000D1952 /* FounderDetail.swift */ = {isa = PBXFileReference; lastKnownFileType = sourcecode.swift; path = FounderDetail.swift; sourceTree = "<group>"; };
		C7A24E5A26754BF6000D1952 /* DocumentsTabItem.swift */ = {isa = PBXFileReference; lastKnownFileType = sourcecode.swift; path = DocumentsTabItem.swift; sourceTree = "<group>"; };
		C7A24E5D26754D95000D1952 /* EventsTabItem.swift */ = {isa = PBXFileReference; lastKnownFileType = sourcecode.swift; path = EventsTabItem.swift; sourceTree = "<group>"; };
		C7A24E6026754DDF000D1952 /* TopicsTabItem.swift */ = {isa = PBXFileReference; lastKnownFileType = sourcecode.swift; path = TopicsTabItem.swift; sourceTree = "<group>"; };
		C7A24E6326754E52000D1952 /* FavoritesTabItem.swift */ = {isa = PBXFileReference; lastKnownFileType = sourcecode.swift; path = FavoritesTabItem.swift; sourceTree = "<group>"; };
		C7A24E6626754E8C000D1952 /* AboutTabItem.swift */ = {isa = PBXFileReference; lastKnownFileType = sourcecode.swift; path = AboutTabItem.swift; sourceTree = "<group>"; };
		C7A24E6926754F18000D1952 /* EventsList.swift */ = {isa = PBXFileReference; lastKnownFileType = sourcecode.swift; path = EventsList.swift; sourceTree = "<group>"; };
		C7A24E6B267552F6000D1952 /* EventsDetail.swift */ = {isa = PBXFileReference; lastKnownFileType = sourcecode.swift; path = EventsDetail.swift; sourceTree = "<group>"; };
		C7A24E6D26755490000D1952 /* EventsRow.swift */ = {isa = PBXFileReference; lastKnownFileType = sourcecode.swift; path = EventsRow.swift; sourceTree = "<group>"; };
		C7CB9D2E2675634A009F929A /* TopicsList.swift */ = {isa = PBXFileReference; lastKnownFileType = sourcecode.swift; path = TopicsList.swift; sourceTree = "<group>"; };
		C7CB9D3026756356009F929A /* TopicsRow.swift */ = {isa = PBXFileReference; lastKnownFileType = sourcecode.swift; path = TopicsRow.swift; sourceTree = "<group>"; };
		C7CB9D3226756366009F929A /* TopicsDetail.swift */ = {isa = PBXFileReference; lastKnownFileType = sourcecode.swift; path = TopicsDetail.swift; sourceTree = "<group>"; };
		C7CB9D34267566F3009F929A /* AboutList.swift */ = {isa = PBXFileReference; lastKnownFileType = sourcecode.swift; path = AboutList.swift; sourceTree = "<group>"; };
		C7CB9D38267697C0009F929A /* ApplicationSection.swift */ = {isa = PBXFileReference; lastKnownFileType = sourcecode.swift; path = ApplicationSection.swift; sourceTree = "<group>"; };
		C7CB9D3A2676982E009F929A /* FeedbackSection.swift */ = {isa = PBXFileReference; lastKnownFileType = sourcecode.swift; path = FeedbackSection.swift; sourceTree = "<group>"; };
		C7CB9D3E267698EF009F929A /* CreditsView.swift */ = {isa = PBXFileReference; lastKnownFileType = sourcecode.swift; path = CreditsView.swift; sourceTree = "<group>"; };
		C7CB9D402676A461009F929A /* AppInfoView.swift */ = {isa = PBXFileReference; lastKnownFileType = sourcecode.swift; path = AppInfoView.swift; sourceTree = "<group>"; };
		C7CB9D422676AB05009F929A /* Spirit_of_76_v2.xcdatamodel */ = {isa = PBXFileReference; lastKnownFileType = wrapper.xcdatamodel; path = Spirit_of_76_v2.xcdatamodel; sourceTree = "<group>"; };
		C7CB9D442676AFAA009F929A /* SKStoreReviewController+Enhancements.swift */ = {isa = PBXFileReference; lastKnownFileType = sourcecode.swift; path = "SKStoreReviewController+Enhancements.swift"; sourceTree = "<group>"; };
		C7CB9D462676B0C4009F929A /* MailView.swift */ = {isa = PBXFileReference; lastKnownFileType = sourcecode.swift; path = MailView.swift; sourceTree = "<group>"; };
		C7CB9D482676BAB2009F929A /* docs_v1.plist */ = {isa = PBXFileReference; lastKnownFileType = text.plist.xml; path = docs_v1.plist; sourceTree = "<group>"; };
		C7CB9D4B2676C070009F929A /* DeclarationOfIndependence.swift */ = {isa = PBXFileReference; lastKnownFileType = sourcecode.swift; path = DeclarationOfIndependence.swift; sourceTree = "<group>"; };
		C7CB9D4D2676C36B009F929A /* AttributedTextView.swift */ = {isa = PBXFileReference; lastKnownFileType = sourcecode.swift; path = AttributedTextView.swift; sourceTree = "<group>"; };
		C7CB9D4F2676C939009F929A /* DocumentsList.swift */ = {isa = PBXFileReference; lastKnownFileType = sourcecode.swift; path = DocumentsList.swift; sourceTree = "<group>"; };
		C7CB9D512676CE0B009F929A /* ArticlesOfConfederation.swift */ = {isa = PBXFileReference; lastKnownFileType = sourcecode.swift; path = ArticlesOfConfederation.swift; sourceTree = "<group>"; };
		C7CB9D532676D3DC009F929A /* USConstitution.swift */ = {isa = PBXFileReference; lastKnownFileType = sourcecode.swift; path = USConstitution.swift; sourceTree = "<group>"; };
		C7E2DF1A26730B6000D098FE /* Spirit of 76.app */ = {isa = PBXFileReference; explicitFileType = wrapper.application; includeInIndex = 0; path = "Spirit of 76.app"; sourceTree = BUILT_PRODUCTS_DIR; };
		C7E2DF1D26730B6000D098FE /* Spirit_of_76App.swift */ = {isa = PBXFileReference; lastKnownFileType = sourcecode.swift; path = Spirit_of_76App.swift; sourceTree = "<group>"; };
		C7E2DF1F26730B6000D098FE /* ContentView.swift */ = {isa = PBXFileReference; lastKnownFileType = sourcecode.swift; path = ContentView.swift; sourceTree = "<group>"; };
		C7E2DF2126730B6300D098FE /* Assets.xcassets */ = {isa = PBXFileReference; lastKnownFileType = folder.assetcatalog; path = Assets.xcassets; sourceTree = "<group>"; };
		C7E2DF2426730B6300D098FE /* Preview Assets.xcassets */ = {isa = PBXFileReference; lastKnownFileType = folder.assetcatalog; path = "Preview Assets.xcassets"; sourceTree = "<group>"; };
		C7E2DF2626730B6300D098FE /* Persistence.swift */ = {isa = PBXFileReference; lastKnownFileType = sourcecode.swift; path = Persistence.swift; sourceTree = "<group>"; };
		C7E2DF2926730B6300D098FE /* Spirit_of_76.xcdatamodel */ = {isa = PBXFileReference; lastKnownFileType = wrapper.xcdatamodel; path = Spirit_of_76.xcdatamodel; sourceTree = "<group>"; };
		C7E2DF2B26730B6300D098FE /* Info.plist */ = {isa = PBXFileReference; lastKnownFileType = text.plist.xml; path = Info.plist; sourceTree = "<group>"; };
/* End PBXFileReference section */

/* Begin PBXFrameworksBuildPhase section */
		C7E2DF1726730B6000D098FE /* Frameworks */ = {
			isa = PBXFrameworksBuildPhase;
			buildActionMask = 2147483647;
			files = (
				C770FDA32673EC2C00BAB970 /* S123Common in Frameworks */,
			);
			runOnlyForDeploymentPostprocessing = 0;
		};
/* End PBXFrameworksBuildPhase section */

/* Begin PBXGroup section */
		C770FD962673DCAD00BAB970 /* Objects */ = {
			isa = PBXGroup;
			children = (
				C770FD992673DD8100BAB970 /* Constants.swift */,
				C770FDAC267424E600BAB970 /* PListImporter.swift */,
				C770FDAE267425E300BAB970 /* PListSeeder.swift */,
				C770FD972673DD4C00BAB970 /* ThemeManager.swift */,
				C770FDA72673F89F00BAB970 /* TypeAliases.swift */,
				C770FDB02674273800BAB970 /* UserDefaultKeys.swift */,
			);
			path = Objects;
			sourceTree = "<group>";
		};
		C770FDA92674187800BAB970 /* plists */ = {
			isa = PBXGroup;
			children = (
				C774365926744A030087D85F /* authorships_v1.plist */,
				C774365726744A010087D85F /* cities_v1.plist */,
				C770FDAA2674188300BAB970 /* countries_v1.plist */,
				C7743653267449FE0087D85F /* education_v1.plist */,
				C770FDB526743D6900BAB970 /* events_v1.plist */,
				C7743651267449FC0087D85F /* facts_v1.plist */,
				C774365626744A000087D85F /* persons_v1.plist */,
				C7743652267449FD0087D85F /* professions_v1.plist */,
				C774365526744A000087D85F /* quotes_v1.plist */,
				C7743654267449FF0087D85F /* states_v1.plist */,
				C774365A26744A040087D85F /* topics_v1.plist */,
				C774365826744A020087D85F /* writings_v1.plist */,
				C7CB9D482676BAB2009F929A /* docs_v1.plist */,
			);
			path = plists;
			sourceTree = "<group>";
		};
		C770FDB2267432F300BAB970 /* plist Models */ = {
			isa = PBXGroup;
			children = (
				C76A07C0267460A300042C42 /* AuthorshipPlist.swift */,
				C76A07B62674545800042C42 /* CityPlist.swift */,
				C770FDB32674332B00BAB970 /* CountryPlist.swift */,
				C76A07BA26745C3C00042C42 /* EducationPlist.swift */,
				C770FDB726743D8F00BAB970 /* EventPlist.swift */,
				C76A07BC26745F5000042C42 /* FactPlist.swift */,
				C76A07B82674555E00042C42 /* PersonPlist.swift */,
				C76A07BE26745FF600042C42 /* ProfessionPlist.swift */,
				C76A07C2267461AC00042C42 /* QuotePlist.swift */,
				C76A07B026744C4200042C42 /* StatePlist.swift */,
				C76A07B226744F4800042C42 /* TopicPlist.swift */,
				C76A07B42674532800042C42 /* WritingsPlist.swift */,
			);
			path = "plist Models";
			sourceTree = "<group>";
		};
		C7A24E4F2675407A000D1952 /* Tabs */ = {
			isa = PBXGroup;
			children = (
				C7A24E6526754E7F000D1952 /* About */,
				C7A24E5926754BE2000D1952 /* Documents */,
				C7A24E5C26754D83000D1952 /* Events */,
				C7A24E6226754E3C000D1952 /* Favorites */,
				C7A24E5026754083000D1952 /* Founders */,
				C7A24E5F26754DD1000D1952 /* Topics */,
			);
			path = Tabs;
			sourceTree = "<group>";
		};
		C7A24E5026754083000D1952 /* Founders */ = {
			isa = PBXGroup;
			children = (
				C7A24E5726754280000D1952 /* FounderDetail.swift */,
				C7A24E552675420E000D1952 /* FounderRow.swift */,
				C7A24E532675416D000D1952 /* FoundersList.swift */,
				C7A24E512675409A000D1952 /* FoundersTabItem.swift */,
			);
			path = Founders;
			sourceTree = "<group>";
		};
		C7A24E5926754BE2000D1952 /* Documents */ = {
			isa = PBXGroup;
			children = (
				C7A24E5A26754BF6000D1952 /* DocumentsTabItem.swift */,
				C7CB9D4F2676C939009F929A /* DocumentsList.swift */,
			);
			path = Documents;
			sourceTree = "<group>";
		};
		C7A24E5C26754D83000D1952 /* Events */ = {
			isa = PBXGroup;
			children = (
				C7A24E6B267552F6000D1952 /* EventsDetail.swift */,
				C7A24E6D26755490000D1952 /* EventsRow.swift */,
				C7A24E6926754F18000D1952 /* EventsList.swift */,
				C7A24E5D26754D95000D1952 /* EventsTabItem.swift */,
			);
			path = Events;
			sourceTree = "<group>";
		};
		C7A24E5F26754DD1000D1952 /* Topics */ = {
			isa = PBXGroup;
			children = (
				C7CB9D3226756366009F929A /* TopicsDetail.swift */,
				C7CB9D2E2675634A009F929A /* TopicsList.swift */,
				C7CB9D3026756356009F929A /* TopicsRow.swift */,
				C7A24E6026754DDF000D1952 /* TopicsTabItem.swift */,
			);
			path = Topics;
			sourceTree = "<group>";
		};
		C7A24E6226754E3C000D1952 /* Favorites */ = {
			isa = PBXGroup;
			children = (
				C7A24E6326754E52000D1952 /* FavoritesTabItem.swift */,
				C785E63F2676F1F50077D397 /* FavoritesList.swift */,
			);
			path = Favorites;
			sourceTree = "<group>";
		};
		C7A24E6526754E7F000D1952 /* About */ = {
			isa = PBXGroup;
			children = (
				C7CB9D34267566F3009F929A /* AboutList.swift */,
				C7A24E6626754E8C000D1952 /* AboutTabItem.swift */,
				C7CB9D38267697C0009F929A /* ApplicationSection.swift */,
				C7CB9D3A2676982E009F929A /* FeedbackSection.swift */,
			);
			path = About;
			sourceTree = "<group>";
		};
		C7CB9D432676AF99009F929A /* Extensions */ = {
			isa = PBXGroup;
			children = (
				C7CB9D442676AFAA009F929A /* SKStoreReviewController+Enhancements.swift */,
			);
			path = Extensions;
			sourceTree = "<group>";
		};
		C7CB9D4A2676C04F009F929A /* Docs */ = {
			isa = PBXGroup;
			children = (
				C7CB9D512676CE0B009F929A /* ArticlesOfConfederation.swift */,
				C7CB9D4B2676C070009F929A /* DeclarationOfIndependence.swift */,
				C7CB9D532676D3DC009F929A /* USConstitution.swift */,
			);
			path = Docs;
			sourceTree = "<group>";
		};
		C7E2DF1126730B6000D098FE = {
			isa = PBXGroup;
			children = (
				C7E2DF1C26730B6000D098FE /* Spirit of 76 */,
				C7E2DF1B26730B6000D098FE /* Products */,
			);
			sourceTree = "<group>";
		};
		C7E2DF1B26730B6000D098FE /* Products */ = {
			isa = PBXGroup;
			children = (
				C7E2DF1A26730B6000D098FE /* Spirit of 76.app */,
			);
			name = Products;
			sourceTree = "<group>";
		};
		C7E2DF1C26730B6000D098FE /* Spirit of 76 */ = {
			isa = PBXGroup;
			children = (
				C7E2DF2B26730B6300D098FE /* Info.plist */,
				C7E2DF2626730B6300D098FE /* Persistence.swift */,
				C7E2DF1D26730B6000D098FE /* Spirit_of_76App.swift */,
				C7CB9D432676AF99009F929A /* Extensions */,
				C7E2DF3226730C7700D098FE /* Model */,
				C770FD962673DCAD00BAB970 /* Objects */,
				C7E2DF2326730B6300D098FE /* Preview Content */,
				C7E2DF3326730C8600D098FE /* Resources */,
				C7E2DF3126730C7100D098FE /* Views */,
			);
			path = "Spirit of 76";
			sourceTree = "<group>";
		};
		C7E2DF2326730B6300D098FE /* Preview Content */ = {
			isa = PBXGroup;
			children = (
				C7E2DF2426730B6300D098FE /* Preview Assets.xcassets */,
			);
			path = "Preview Content";
			sourceTree = "<group>";
		};
		C7E2DF3126730C7100D098FE /* Views */ = {
			isa = PBXGroup;
			children = (
				C7CB9D402676A461009F929A /* AppInfoView.swift */,
				C7CB9D4D2676C36B009F929A /* AttributedTextView.swift */,
				C7E2DF1F26730B6000D098FE /* ContentView.swift */,
				C7CB9D3E267698EF009F929A /* CreditsView.swift */,
				C785E63D2676F09B0077D397 /* IsFavoriteToggleButton.swift */,
				C7CB9D462676B0C4009F929A /* MailView.swift */,
				C7A24E4F2675407A000D1952 /* Tabs */,
				C798F1B52677B96F00E3DC39 /* WelcomeView.swift */,
			);
			path = Views;
			sourceTree = "<group>";
		};
		C7E2DF3226730C7700D098FE /* Model */ = {
			isa = PBXGroup;
			children = (
				C770FDB2267432F300BAB970 /* plist Models */,
				C7E2DF2826730B6300D098FE /* Spirit_of_76.xcdatamodeld */,
			);
			path = Model;
			sourceTree = "<group>";
		};
		C7E2DF3326730C8600D098FE /* Resources */ = {
			isa = PBXGroup;
			children = (
				C7CB9D4A2676C04F009F929A /* Docs */,
				C770FDA92674187800BAB970 /* plists */,
				C7E2DF2126730B6300D098FE /* Assets.xcassets */,
			);
			path = Resources;
			sourceTree = "<group>";
		};
/* End PBXGroup section */

/* Begin PBXNativeTarget section */
		C7E2DF1926730B6000D098FE /* Spirit of 76 */ = {
			isa = PBXNativeTarget;
			buildConfigurationList = C7E2DF2E26730B6300D098FE /* Build configuration list for PBXNativeTarget "Spirit of 76" */;
			buildPhases = (
				C7E2DF1626730B6000D098FE /* Sources */,
				C7E2DF1726730B6000D098FE /* Frameworks */,
				C7E2DF1826730B6000D098FE /* Resources */,
			);
			buildRules = (
			);
			dependencies = (
			);
			name = "Spirit of 76";
			packageProductDependencies = (
				C770FDA22673EC2C00BAB970 /* S123Common */,
			);
			productName = "Spirit of 76";
			productReference = C7E2DF1A26730B6000D098FE /* Spirit of 76.app */;
			productType = "com.apple.product-type.application";
		};
/* End PBXNativeTarget section */

/* Begin PBXProject section */
		C7E2DF1226730B6000D098FE /* Project object */ = {
			isa = PBXProject;
			attributes = {
				LastSwiftUpdateCheck = 1250;
				LastUpgradeCheck = 1250;
				TargetAttributes = {
					C7E2DF1926730B6000D098FE = {
						CreatedOnToolsVersion = 12.5;
					};
				};
			};
			buildConfigurationList = C7E2DF1526730B6000D098FE /* Build configuration list for PBXProject "Spirit of 76" */;
			compatibilityVersion = "Xcode 9.3";
			developmentRegion = en;
			hasScannedForEncodings = 0;
			knownRegions = (
				en,
				Base,
			);
			mainGroup = C7E2DF1126730B6000D098FE;
			packageReferences = (
				C770FDA12673EC2C00BAB970 /* XCRemoteSwiftPackageReference "S123Common" */,
			);
			productRefGroup = C7E2DF1B26730B6000D098FE /* Products */;
			projectDirPath = "";
			projectRoot = "";
			targets = (
				C7E2DF1926730B6000D098FE /* Spirit of 76 */,
			);
		};
/* End PBXProject section */

/* Begin PBXResourcesBuildPhase section */
		C7E2DF1826730B6000D098FE /* Resources */ = {
			isa = PBXResourcesBuildPhase;
			buildActionMask = 2147483647;
			files = (
				C774365C26744A040087D85F /* professions_v1.plist in Resources */,
				C7E2DF2526730B6300D098FE /* Preview Assets.xcassets in Resources */,
				C774365D26744A040087D85F /* education_v1.plist in Resources */,
				C774365B26744A040087D85F /* facts_v1.plist in Resources */,
				C770FDB626743D6900BAB970 /* events_v1.plist in Resources */,
				C770FDAB2674188300BAB970 /* countries_v1.plist in Resources */,
				C774366326744A040087D85F /* authorships_v1.plist in Resources */,
				C774366026744A040087D85F /* persons_v1.plist in Resources */,
				C774365F26744A040087D85F /* quotes_v1.plist in Resources */,
				C774366126744A040087D85F /* cities_v1.plist in Resources */,
				C774365E26744A040087D85F /* states_v1.plist in Resources */,
				C774366226744A040087D85F /* writings_v1.plist in Resources */,
				C7CB9D492676BAB2009F929A /* docs_v1.plist in Resources */,
				C774366426744A040087D85F /* topics_v1.plist in Resources */,
				C7E2DF2226730B6300D098FE /* Assets.xcassets in Resources */,
			);
			runOnlyForDeploymentPostprocessing = 0;
		};
/* End PBXResourcesBuildPhase section */

/* Begin PBXSourcesBuildPhase section */
		C7E2DF1626730B6000D098FE /* Sources */ = {
			isa = PBXSourcesBuildPhase;
			buildActionMask = 2147483647;
			files = (
				C76A07B92674555E00042C42 /* PersonPlist.swift in Sources */,
				C7CB9D3F267698EF009F929A /* CreditsView.swift in Sources */,
				C770FDB826743D8F00BAB970 /* EventPlist.swift in Sources */,
				C76A07B52674532800042C42 /* WritingsPlist.swift in Sources */,
				C7CB9D522676CE0B009F929A /* ArticlesOfConfederation.swift in Sources */,
				C770FDA82673F89F00BAB970 /* TypeAliases.swift in Sources */,
				C76A07BF26745FF600042C42 /* ProfessionPlist.swift in Sources */,
				C7CB9D2F2675634A009F929A /* TopicsList.swift in Sources */,
				C7CB9D35267566F3009F929A /* AboutList.swift in Sources */,
				C76A07BD26745F5000042C42 /* FactPlist.swift in Sources */,
				C7A24E6126754DDF000D1952 /* TopicsTabItem.swift in Sources */,
				C798F1B62677B96F00E3DC39 /* WelcomeView.swift in Sources */,
				C7E2DF2A26730B6300D098FE /* Spirit_of_76.xcdatamodeld in Sources */,
				C7CB9D3126756356009F929A /* TopicsRow.swift in Sources */,
				C7CB9D502676C939009F929A /* DocumentsList.swift in Sources */,
				C7A24E6426754E52000D1952 /* FavoritesTabItem.swift in Sources */,
				C76A07B126744C4200042C42 /* StatePlist.swift in Sources */,
				C7CB9D542676D3DC009F929A /* USConstitution.swift in Sources */,
				C7E2DF2726730B6300D098FE /* Persistence.swift in Sources */,
				C76A07B72674545800042C42 /* CityPlist.swift in Sources */,
				C770FD982673DD4C00BAB970 /* ThemeManager.swift in Sources */,
				C7A24E5E26754D95000D1952 /* EventsTabItem.swift in Sources */,
				C7A24E6726754E8C000D1952 /* AboutTabItem.swift in Sources */,
				C7CB9D4C2676C070009F929A /* DeclarationOfIndependence.swift in Sources */,
				C770FDB42674332B00BAB970 /* CountryPlist.swift in Sources */,
				C7A24E6A26754F18000D1952 /* EventsList.swift in Sources */,
				C785E6402676F1F50077D397 /* FavoritesList.swift in Sources */,
				C7CB9D3B2676982E009F929A /* FeedbackSection.swift in Sources */,
				C785E63E2676F09B0077D397 /* IsFavoriteToggleButton.swift in Sources */,
				C7CB9D4E2676C36B009F929A /* AttributedTextView.swift in Sources */,
				C7A24E562675420E000D1952 /* FounderRow.swift in Sources */,
				C76A07C1267460A300042C42 /* AuthorshipPlist.swift in Sources */,
				C7A24E542675416D000D1952 /* FoundersList.swift in Sources */,
				C7CB9D452676AFAA009F929A /* SKStoreReviewController+Enhancements.swift in Sources */,
				C770FDB12674273800BAB970 /* UserDefaultKeys.swift in Sources */,
				C7CB9D3326756366009F929A /* TopicsDetail.swift in Sources */,
				C7CB9D39267697C0009F929A /* ApplicationSection.swift in Sources */,
				C76A07B326744F4800042C42 /* TopicPlist.swift in Sources */,
				C770FDAD267424E600BAB970 /* PListImporter.swift in Sources */,
				C7E2DF2026730B6000D098FE /* ContentView.swift in Sources */,
				C7E2DF1E26730B6000D098FE /* Spirit_of_76App.swift in Sources */,
				C7CB9D472676B0C4009F929A /* MailView.swift in Sources */,
				C76A07C3267461AC00042C42 /* QuotePlist.swift in Sources */,
				C7A24E522675409A000D1952 /* FoundersTabItem.swift in Sources */,
				C770FDAF267425E300BAB970 /* PListSeeder.swift in Sources */,
				C7A24E6C267552F6000D1952 /* EventsDetail.swift in Sources */,
				C7CB9D412676A461009F929A /* AppInfoView.swift in Sources */,
				C76A07BB26745C3C00042C42 /* EducationPlist.swift in Sources */,
				C7A24E5B26754BF6000D1952 /* DocumentsTabItem.swift in Sources */,
				C7A24E6E26755490000D1952 /* EventsRow.swift in Sources */,
				C7A24E5826754280000D1952 /* FounderDetail.swift in Sources */,
				C770FD9A2673DD8100BAB970 /* Constants.swift in Sources */,
			);
			runOnlyForDeploymentPostprocessing = 0;
		};
/* End PBXSourcesBuildPhase section */

/* Begin XCBuildConfiguration section */
		C7E2DF2C26730B6300D098FE /* Debug */ = {
			isa = XCBuildConfiguration;
			buildSettings = {
				ALWAYS_SEARCH_USER_PATHS = NO;
				CLANG_ANALYZER_NONNULL = YES;
				CLANG_ANALYZER_NUMBER_OBJECT_CONVERSION = YES_AGGRESSIVE;
				CLANG_CXX_LANGUAGE_STANDARD = "gnu++14";
				CLANG_CXX_LIBRARY = "libc++";
				CLANG_ENABLE_MODULES = YES;
				CLANG_ENABLE_OBJC_ARC = YES;
				CLANG_ENABLE_OBJC_WEAK = YES;
				CLANG_WARN_BLOCK_CAPTURE_AUTORELEASING = YES;
				CLANG_WARN_BOOL_CONVERSION = YES;
				CLANG_WARN_COMMA = YES;
				CLANG_WARN_CONSTANT_CONVERSION = YES;
				CLANG_WARN_DEPRECATED_OBJC_IMPLEMENTATIONS = YES;
				CLANG_WARN_DIRECT_OBJC_ISA_USAGE = YES_ERROR;
				CLANG_WARN_DOCUMENTATION_COMMENTS = YES;
				CLANG_WARN_EMPTY_BODY = YES;
				CLANG_WARN_ENUM_CONVERSION = YES;
				CLANG_WARN_INFINITE_RECURSION = YES;
				CLANG_WARN_INT_CONVERSION = YES;
				CLANG_WARN_NON_LITERAL_NULL_CONVERSION = YES;
				CLANG_WARN_OBJC_IMPLICIT_RETAIN_SELF = YES;
				CLANG_WARN_OBJC_LITERAL_CONVERSION = YES;
				CLANG_WARN_OBJC_ROOT_CLASS = YES_ERROR;
				CLANG_WARN_QUOTED_INCLUDE_IN_FRAMEWORK_HEADER = YES;
				CLANG_WARN_RANGE_LOOP_ANALYSIS = YES;
				CLANG_WARN_STRICT_PROTOTYPES = YES;
				CLANG_WARN_SUSPICIOUS_MOVE = YES;
				CLANG_WARN_UNGUARDED_AVAILABILITY = YES_AGGRESSIVE;
				CLANG_WARN_UNREACHABLE_CODE = YES;
				CLANG_WARN__DUPLICATE_METHOD_MATCH = YES;
				COPY_PHASE_STRIP = NO;
				DEBUG_INFORMATION_FORMAT = dwarf;
				ENABLE_STRICT_OBJC_MSGSEND = YES;
				ENABLE_TESTABILITY = YES;
				GCC_C_LANGUAGE_STANDARD = gnu11;
				GCC_DYNAMIC_NO_PIC = NO;
				GCC_NO_COMMON_BLOCKS = YES;
				GCC_OPTIMIZATION_LEVEL = 0;
				GCC_PREPROCESSOR_DEFINITIONS = (
					"DEBUG=1",
					"$(inherited)",
				);
				GCC_WARN_64_TO_32_BIT_CONVERSION = YES;
				GCC_WARN_ABOUT_RETURN_TYPE = YES_ERROR;
				GCC_WARN_UNDECLARED_SELECTOR = YES;
				GCC_WARN_UNINITIALIZED_AUTOS = YES_AGGRESSIVE;
				GCC_WARN_UNUSED_FUNCTION = YES;
				GCC_WARN_UNUSED_VARIABLE = YES;
				IPHONEOS_DEPLOYMENT_TARGET = 14.5;
				MTL_ENABLE_DEBUG_INFO = INCLUDE_SOURCE;
				MTL_FAST_MATH = YES;
				ONLY_ACTIVE_ARCH = YES;
				SDKROOT = iphoneos;
				SWIFT_ACTIVE_COMPILATION_CONDITIONS = DEBUG;
				SWIFT_OPTIMIZATION_LEVEL = "-Onone";
			};
			name = Debug;
		};
		C7E2DF2D26730B6300D098FE /* Release */ = {
			isa = XCBuildConfiguration;
			buildSettings = {
				ALWAYS_SEARCH_USER_PATHS = NO;
				CLANG_ANALYZER_NONNULL = YES;
				CLANG_ANALYZER_NUMBER_OBJECT_CONVERSION = YES_AGGRESSIVE;
				CLANG_CXX_LANGUAGE_STANDARD = "gnu++14";
				CLANG_CXX_LIBRARY = "libc++";
				CLANG_ENABLE_MODULES = YES;
				CLANG_ENABLE_OBJC_ARC = YES;
				CLANG_ENABLE_OBJC_WEAK = YES;
				CLANG_WARN_BLOCK_CAPTURE_AUTORELEASING = YES;
				CLANG_WARN_BOOL_CONVERSION = YES;
				CLANG_WARN_COMMA = YES;
				CLANG_WARN_CONSTANT_CONVERSION = YES;
				CLANG_WARN_DEPRECATED_OBJC_IMPLEMENTATIONS = YES;
				CLANG_WARN_DIRECT_OBJC_ISA_USAGE = YES_ERROR;
				CLANG_WARN_DOCUMENTATION_COMMENTS = YES;
				CLANG_WARN_EMPTY_BODY = YES;
				CLANG_WARN_ENUM_CONVERSION = YES;
				CLANG_WARN_INFINITE_RECURSION = YES;
				CLANG_WARN_INT_CONVERSION = YES;
				CLANG_WARN_NON_LITERAL_NULL_CONVERSION = YES;
				CLANG_WARN_OBJC_IMPLICIT_RETAIN_SELF = YES;
				CLANG_WARN_OBJC_LITERAL_CONVERSION = YES;
				CLANG_WARN_OBJC_ROOT_CLASS = YES_ERROR;
				CLANG_WARN_QUOTED_INCLUDE_IN_FRAMEWORK_HEADER = YES;
				CLANG_WARN_RANGE_LOOP_ANALYSIS = YES;
				CLANG_WARN_STRICT_PROTOTYPES = YES;
				CLANG_WARN_SUSPICIOUS_MOVE = YES;
				CLANG_WARN_UNGUARDED_AVAILABILITY = YES_AGGRESSIVE;
				CLANG_WARN_UNREACHABLE_CODE = YES;
				CLANG_WARN__DUPLICATE_METHOD_MATCH = YES;
				COPY_PHASE_STRIP = NO;
				DEBUG_INFORMATION_FORMAT = "dwarf-with-dsym";
				ENABLE_NS_ASSERTIONS = NO;
				ENABLE_STRICT_OBJC_MSGSEND = YES;
				GCC_C_LANGUAGE_STANDARD = gnu11;
				GCC_NO_COMMON_BLOCKS = YES;
				GCC_WARN_64_TO_32_BIT_CONVERSION = YES;
				GCC_WARN_ABOUT_RETURN_TYPE = YES_ERROR;
				GCC_WARN_UNDECLARED_SELECTOR = YES;
				GCC_WARN_UNINITIALIZED_AUTOS = YES_AGGRESSIVE;
				GCC_WARN_UNUSED_FUNCTION = YES;
				GCC_WARN_UNUSED_VARIABLE = YES;
				IPHONEOS_DEPLOYMENT_TARGET = 14.5;
				MTL_ENABLE_DEBUG_INFO = NO;
				MTL_FAST_MATH = YES;
				SDKROOT = iphoneos;
				SWIFT_COMPILATION_MODE = wholemodule;
				SWIFT_OPTIMIZATION_LEVEL = "-O";
				VALIDATE_PRODUCT = YES;
			};
			name = Release;
		};
		C7E2DF2F26730B6300D098FE /* Debug */ = {
			isa = XCBuildConfiguration;
			buildSettings = {
				ASSETCATALOG_COMPILER_APPICON_NAME = AppIcon;
				ASSETCATALOG_COMPILER_GLOBAL_ACCENT_COLOR_NAME = AccentColor;
				CODE_SIGN_STYLE = Automatic;
				CURRENT_PROJECT_VERSION = 4;
				DEVELOPMENT_ASSET_PATHS = "\"Spirit of 76/Preview Content\"";
				DEVELOPMENT_TEAM = LT2J4Q2FPW;
				ENABLE_PREVIEWS = YES;
				INFOPLIST_FILE = "Spirit of 76/Info.plist";
				IPHONEOS_DEPLOYMENT_TARGET = 14.0;
				LD_RUNPATH_SEARCH_PATHS = (
					"$(inherited)",
					"@executable_path/Frameworks",
				);
				MARKETING_VERSION = 5.0;
				PRODUCT_BUNDLE_IDENTIFIER = com.askeduserve.SpritOf76;
				PRODUCT_NAME = "$(TARGET_NAME)";
				SWIFT_VERSION = 5.0;
				TARGETED_DEVICE_FAMILY = "1,2";
			};
			name = Debug;
		};
		C7E2DF3026730B6300D098FE /* Release */ = {
			isa = XCBuildConfiguration;
			buildSettings = {
				ASSETCATALOG_COMPILER_APPICON_NAME = AppIcon;
				ASSETCATALOG_COMPILER_GLOBAL_ACCENT_COLOR_NAME = AccentColor;
				CODE_SIGN_STYLE = Automatic;
				CURRENT_PROJECT_VERSION = 4;
				DEVELOPMENT_ASSET_PATHS = "\"Spirit of 76/Preview Content\"";
				DEVELOPMENT_TEAM = LT2J4Q2FPW;
				ENABLE_PREVIEWS = YES;
				INFOPLIST_FILE = "Spirit of 76/Info.plist";
				IPHONEOS_DEPLOYMENT_TARGET = 14.0;
				LD_RUNPATH_SEARCH_PATHS = (
					"$(inherited)",
					"@executable_path/Frameworks",
				);
				MARKETING_VERSION = 5.0;
				PRODUCT_BUNDLE_IDENTIFIER = com.askeduserve.SpritOf76;
				PRODUCT_NAME = "$(TARGET_NAME)";
				SWIFT_VERSION = 5.0;
				TARGETED_DEVICE_FAMILY = "1,2";
			};
			name = Release;
		};
/* End XCBuildConfiguration section */

/* Begin XCConfigurationList section */
		C7E2DF1526730B6000D098FE /* Build configuration list for PBXProject "Spirit of 76" */ = {
			isa = XCConfigurationList;
			buildConfigurations = (
				C7E2DF2C26730B6300D098FE /* Debug */,
				C7E2DF2D26730B6300D098FE /* Release */,
			);
			defaultConfigurationIsVisible = 0;
			defaultConfigurationName = Release;
		};
		C7E2DF2E26730B6300D098FE /* Build configuration list for PBXNativeTarget "Spirit of 76" */ = {
			isa = XCConfigurationList;
			buildConfigurations = (
				C7E2DF2F26730B6300D098FE /* Debug */,
				C7E2DF3026730B6300D098FE /* Release */,
			);
			defaultConfigurationIsVisible = 0;
			defaultConfigurationName = Release;
		};
/* End XCConfigurationList section */

/* Begin XCRemoteSwiftPackageReference section */
		C770FDA12673EC2C00BAB970 /* XCRemoteSwiftPackageReference "S123Common" */ = {
			isa = XCRemoteSwiftPackageReference;
			repositoryURL = "https://github.com/software123inc/S123Common.git";
			requirement = {
				kind = upToNextMajorVersion;
				minimumVersion = 2.0.0;
			};
		};
/* End XCRemoteSwiftPackageReference section */

/* Begin XCSwiftPackageProductDependency section */
		C770FDA22673EC2C00BAB970 /* S123Common */ = {
			isa = XCSwiftPackageProductDependency;
			package = C770FDA12673EC2C00BAB970 /* XCRemoteSwiftPackageReference "S123Common" */;
			productName = S123Common;
		};
/* End XCSwiftPackageProductDependency section */

/* Begin XCVersionGroup section */
		C7E2DF2826730B6300D098FE /* Spirit_of_76.xcdatamodeld */ = {
			isa = XCVersionGroup;
			children = (
				C7CB9D422676AB05009F929A /* Spirit_of_76_v2.xcdatamodel */,
				C7E2DF2926730B6300D098FE /* Spirit_of_76.xcdatamodel */,
			);
			currentVersion = C7CB9D422676AB05009F929A /* Spirit_of_76_v2.xcdatamodel */;
			path = Spirit_of_76.xcdatamodeld;
			sourceTree = "<group>";
			versionGroupType = wrapper.xcdatamodel;
		};
/* End XCVersionGroup section */
	};
	rootObject = C7E2DF1226730B6000D098FE /* Project object */;
}
