// !$*UTF8*$!
{
	archiveVersion = 1;
	classes = {
	};
	objectVersion = 52;
	objects = {

/* Begin PBXBuildFile section */
		C76A07B126744C4200042C42 /* StatePlist.swift in Sources */ = {isa = PBXBuildFile; fileRef = C76A07B026744C4200042C42 /* StatePlist.swift */; };
		C76A07B326744F4800042C42 /* TopicPlist.swift in Sources */ = {isa = PBXBuildFile; fileRef = C76A07B226744F4800042C42 /* TopicPlist.swift */; };
		C76A07B52674532800042C42 /* WritingsPlist.swift in Sources */ = {isa = PBXBuildFile; fileRef = C76A07B42674532800042C42 /* WritingsPlist.swift */; };
		C76A07B72674545800042C42 /* CityPlist.swift in Sources */ = {isa = PBXBuildFile; fileRef = C76A07B62674545800042C42 /* CityPlist.swift */; };
		C76A07B92674555E00042C42 /* PersonPlist.swift in Sources */ = {isa = PBXBuildFile; fileRef = C76A07B82674555E00042C42 /* PersonPlist.swift */; };
		C76A07BB26745C3C00042C42 /* EducationPlist.swift in Sources */ = {isa = PBXBuildFile; fileRef = C76A07BA26745C3C00042C42 /* EducationPlist.swift */; };
		C76A07BD26745F5000042C42 /* FactPlist.swift in Sources */ = {isa = PBXBuildFile; fileRef = C76A07BC26745F5000042C42 /* FactPlist.swift */; };
		C76A07BF26745FF600042C42 /* ProfessionPlist.swift in Sources */ = {isa = PBXBuildFile; fileRef = C76A07BE26745FF600042C42 /* ProfessionPlist.swift */; };
		C76A07C1267460A300042C42 /* AuthorshipPlist.swift in Sources */ = {isa = PBXBuildFile; fileRef = C76A07C0267460A300042C42 /* AuthorshipPlist.swift */; };
		C76A07C3267461AC00042C42 /* QuotePlist.swift in Sources */ = {isa = PBXBuildFile; fileRef = C76A07C2267461AC00042C42 /* QuotePlist.swift */; };
		C770FD982673DD4C00BAB970 /* ThemeManager.swift in Sources */ = {isa = PBXBuildFile; fileRef = C770FD972673DD4C00BAB970 /* ThemeManager.swift */; };
		C770FD9A2673DD8100BAB970 /* Constants.swift in Sources */ = {isa = PBXBuildFile; fileRef = C770FD992673DD8100BAB970 /* Constants.swift */; };
		C770FDA32673EC2C00BAB970 /* S123Common in Frameworks */ = {isa = PBXBuildFile; productRef = C770FDA22673EC2C00BAB970 /* S123Common */; };
		C770FDA52673F7D300BAB970 /* JSONHelper.swift in Sources */ = {isa = PBXBuildFile; fileRef = C770FDA42673F7D300BAB970 /* JSONHelper.swift */; };
		C770FDA82673F89F00BAB970 /* TypeAliases.swift in Sources */ = {isa = PBXBuildFile; fileRef = C770FDA72673F89F00BAB970 /* TypeAliases.swift */; };
		C770FDAB2674188300BAB970 /* countries_v1.plist in Resources */ = {isa = PBXBuildFile; fileRef = C770FDAA2674188300BAB970 /* countries_v1.plist */; };
		C770FDAD267424E600BAB970 /* PListImporter.swift in Sources */ = {isa = PBXBuildFile; fileRef = C770FDAC267424E600BAB970 /* PListImporter.swift */; };
		C770FDAF267425E300BAB970 /* PListSeeder.swift in Sources */ = {isa = PBXBuildFile; fileRef = C770FDAE267425E300BAB970 /* PListSeeder.swift */; };
		C770FDB12674273800BAB970 /* UserDefaultKeys.swift in Sources */ = {isa = PBXBuildFile; fileRef = C770FDB02674273800BAB970 /* UserDefaultKeys.swift */; };
		C770FDB42674332B00BAB970 /* CountryPlist.swift in Sources */ = {isa = PBXBuildFile; fileRef = C770FDB32674332B00BAB970 /* CountryPlist.swift */; };
		C770FDB626743D6900BAB970 /* events_v1.plist in Resources */ = {isa = PBXBuildFile; fileRef = C770FDB526743D6900BAB970 /* events_v1.plist */; };
		C770FDB826743D8F00BAB970 /* EventPlist.swift in Sources */ = {isa = PBXBuildFile; fileRef = C770FDB726743D8F00BAB970 /* EventPlist.swift */; };
		C774365B26744A040087D85F /* facts_v1.plist in Resources */ = {isa = PBXBuildFile; fileRef = C7743651267449FC0087D85F /* facts_v1.plist */; };
		C774365C26744A040087D85F /* professions_v1.plist in Resources */ = {isa = PBXBuildFile; fileRef = C7743652267449FD0087D85F /* professions_v1.plist */; };
		C774365D26744A040087D85F /* education_v1.plist in Resources */ = {isa = PBXBuildFile; fileRef = C7743653267449FE0087D85F /* education_v1.plist */; };
		C774365E26744A040087D85F /* states_v1.plist in Resources */ = {isa = PBXBuildFile; fileRef = C7743654267449FF0087D85F /* states_v1.plist */; };
		C774365F26744A040087D85F /* quotes_v1.plist in Resources */ = {isa = PBXBuildFile; fileRef = C774365526744A000087D85F /* quotes_v1.plist */; };
		C774366026744A040087D85F /* persons_v1.plist in Resources */ = {isa = PBXBuildFile; fileRef = C774365626744A000087D85F /* persons_v1.plist */; };
		C774366126744A040087D85F /* cities_v1.plist in Resources */ = {isa = PBXBuildFile; fileRef = C774365726744A010087D85F /* cities_v1.plist */; };
		C774366226744A040087D85F /* writings_v1.plist in Resources */ = {isa = PBXBuildFile; fileRef = C774365826744A020087D85F /* writings_v1.plist */; };
		C774366326744A040087D85F /* authorships_v1.plist in Resources */ = {isa = PBXBuildFile; fileRef = C774365926744A030087D85F /* authorships_v1.plist */; };
		C774366426744A040087D85F /* topics_v1.plist in Resources */ = {isa = PBXBuildFile; fileRef = C774365A26744A040087D85F /* topics_v1.plist */; };
		C7E2DF1E26730B6000D098FE /* Spirit_of_76App.swift in Sources */ = {isa = PBXBuildFile; fileRef = C7E2DF1D26730B6000D098FE /* Spirit_of_76App.swift */; };
		C7E2DF2026730B6000D098FE /* ContentView.swift in Sources */ = {isa = PBXBuildFile; fileRef = C7E2DF1F26730B6000D098FE /* ContentView.swift */; };
		C7E2DF2226730B6300D098FE /* Assets.xcassets in Resources */ = {isa = PBXBuildFile; fileRef = C7E2DF2126730B6300D098FE /* Assets.xcassets */; };
		C7E2DF2526730B6300D098FE /* Preview Assets.xcassets in Resources */ = {isa = PBXBuildFile; fileRef = C7E2DF2426730B6300D098FE /* Preview Assets.xcassets */; };
		C7E2DF2726730B6300D098FE /* Persistence.swift in Sources */ = {isa = PBXBuildFile; fileRef = C7E2DF2626730B6300D098FE /* Persistence.swift */; };
		C7E2DF2A26730B6300D098FE /* Spirit_of_76.xcdatamodeld in Sources */ = {isa = PBXBuildFile; fileRef = C7E2DF2826730B6300D098FE /* Spirit_of_76.xcdatamodeld */; };
		C7E2DF4126730CB500D098FE /* cities.json in Resources */ = {isa = PBXBuildFile; fileRef = C7E2DF3526730CB400D098FE /* cities.json */; };
		C7E2DF4226730CB500D098FE /* signerWritings.json in Resources */ = {isa = PBXBuildFile; fileRef = C7E2DF3626730CB400D098FE /* signerWritings.json */; };
		C7E2DF4326730CB500D098FE /* topics.json in Resources */ = {isa = PBXBuildFile; fileRef = C7E2DF3726730CB400D098FE /* topics.json */; };
		C7E2DF4426730CB500D098FE /* signers.json in Resources */ = {isa = PBXBuildFile; fileRef = C7E2DF3826730CB400D098FE /* signers.json */; };
		C7E2DF4526730CB500D098FE /* signerProfessions.json in Resources */ = {isa = PBXBuildFile; fileRef = C7E2DF3926730CB500D098FE /* signerProfessions.json */; };
		C7E2DF4626730CB500D098FE /* writings.json in Resources */ = {isa = PBXBuildFile; fileRef = C7E2DF3A26730CB500D098FE /* writings.json */; };
		C7E2DF4726730CB500D098FE /* countries.json in Resources */ = {isa = PBXBuildFile; fileRef = C7E2DF3B26730CB500D098FE /* countries.json */; };
		C7E2DF4826730CB500D098FE /* quotes.json in Resources */ = {isa = PBXBuildFile; fileRef = C7E2DF3C26730CB500D098FE /* quotes.json */; };
		C7E2DF4926730CB500D098FE /* signerEducation.json in Resources */ = {isa = PBXBuildFile; fileRef = C7E2DF3D26730CB500D098FE /* signerEducation.json */; };
		C7E2DF4A26730CB500D098FE /* states.json in Resources */ = {isa = PBXBuildFile; fileRef = C7E2DF3E26730CB500D098FE /* states.json */; };
		C7E2DF4B26730CB500D098FE /* signerFacts.json in Resources */ = {isa = PBXBuildFile; fileRef = C7E2DF3F26730CB500D098FE /* signerFacts.json */; };
		C7E2DF4C26730CB500D098FE /* events.json in Resources */ = {isa = PBXBuildFile; fileRef = C7E2DF4026730CB500D098FE /* events.json */; };
		C7E2DF4E26730CEB00D098FE /* JOBJ in Resources */ = {isa = PBXBuildFile; fileRef = C7E2DF4D26730CEB00D098FE /* JOBJ */; };
/* End PBXBuildFile section */

/* Begin PBXFileReference section */
		C76A07B026744C4200042C42 /* StatePlist.swift */ = {isa = PBXFileReference; lastKnownFileType = sourcecode.swift; path = StatePlist.swift; sourceTree = "<group>"; };
		C76A07B226744F4800042C42 /* TopicPlist.swift */ = {isa = PBXFileReference; lastKnownFileType = sourcecode.swift; path = TopicPlist.swift; sourceTree = "<group>"; };
		C76A07B42674532800042C42 /* WritingsPlist.swift */ = {isa = PBXFileReference; lastKnownFileType = sourcecode.swift; path = WritingsPlist.swift; sourceTree = "<group>"; };
		C76A07B62674545800042C42 /* CityPlist.swift */ = {isa = PBXFileReference; lastKnownFileType = sourcecode.swift; path = CityPlist.swift; sourceTree = "<group>"; };
		C76A07B82674555E00042C42 /* PersonPlist.swift */ = {isa = PBXFileReference; lastKnownFileType = sourcecode.swift; path = PersonPlist.swift; sourceTree = "<group>"; };
		C76A07BA26745C3C00042C42 /* EducationPlist.swift */ = {isa = PBXFileReference; lastKnownFileType = sourcecode.swift; path = EducationPlist.swift; sourceTree = "<group>"; };
		C76A07BC26745F5000042C42 /* FactPlist.swift */ = {isa = PBXFileReference; lastKnownFileType = sourcecode.swift; path = FactPlist.swift; sourceTree = "<group>"; };
		C76A07BE26745FF600042C42 /* ProfessionPlist.swift */ = {isa = PBXFileReference; lastKnownFileType = sourcecode.swift; path = ProfessionPlist.swift; sourceTree = "<group>"; };
		C76A07C0267460A300042C42 /* AuthorshipPlist.swift */ = {isa = PBXFileReference; lastKnownFileType = sourcecode.swift; path = AuthorshipPlist.swift; sourceTree = "<group>"; };
		C76A07C2267461AC00042C42 /* QuotePlist.swift */ = {isa = PBXFileReference; lastKnownFileType = sourcecode.swift; path = QuotePlist.swift; sourceTree = "<group>"; };
		C770FD972673DD4C00BAB970 /* ThemeManager.swift */ = {isa = PBXFileReference; lastKnownFileType = sourcecode.swift; path = ThemeManager.swift; sourceTree = "<group>"; };
		C770FD992673DD8100BAB970 /* Constants.swift */ = {isa = PBXFileReference; lastKnownFileType = sourcecode.swift; path = Constants.swift; sourceTree = "<group>"; };
		C770FDA42673F7D300BAB970 /* JSONHelper.swift */ = {isa = PBXFileReference; lastKnownFileType = sourcecode.swift; path = JSONHelper.swift; sourceTree = "<group>"; };
		C770FDA72673F89F00BAB970 /* TypeAliases.swift */ = {isa = PBXFileReference; lastKnownFileType = sourcecode.swift; path = TypeAliases.swift; sourceTree = "<group>"; };
		C770FDAA2674188300BAB970 /* countries_v1.plist */ = {isa = PBXFileReference; fileEncoding = 4; lastKnownFileType = text.plist.xml; path = countries_v1.plist; sourceTree = "<group>"; };
		C770FDAC267424E600BAB970 /* PListImporter.swift */ = {isa = PBXFileReference; lastKnownFileType = sourcecode.swift; path = PListImporter.swift; sourceTree = "<group>"; };
		C770FDAE267425E300BAB970 /* PListSeeder.swift */ = {isa = PBXFileReference; lastKnownFileType = sourcecode.swift; path = PListSeeder.swift; sourceTree = "<group>"; };
		C770FDB02674273800BAB970 /* UserDefaultKeys.swift */ = {isa = PBXFileReference; lastKnownFileType = sourcecode.swift; path = UserDefaultKeys.swift; sourceTree = "<group>"; };
		C770FDB32674332B00BAB970 /* CountryPlist.swift */ = {isa = PBXFileReference; lastKnownFileType = sourcecode.swift; path = CountryPlist.swift; sourceTree = "<group>"; };
		C770FDB526743D6900BAB970 /* events_v1.plist */ = {isa = PBXFileReference; fileEncoding = 4; lastKnownFileType = text.plist.xml; path = events_v1.plist; sourceTree = "<group>"; };
		C770FDB726743D8F00BAB970 /* EventPlist.swift */ = {isa = PBXFileReference; lastKnownFileType = sourcecode.swift; path = EventPlist.swift; sourceTree = "<group>"; };
		C7743651267449FC0087D85F /* facts_v1.plist */ = {isa = PBXFileReference; fileEncoding = 4; lastKnownFileType = text.plist.xml; path = facts_v1.plist; sourceTree = "<group>"; };
		C7743652267449FD0087D85F /* professions_v1.plist */ = {isa = PBXFileReference; fileEncoding = 4; lastKnownFileType = text.plist.xml; path = professions_v1.plist; sourceTree = "<group>"; };
		C7743653267449FE0087D85F /* education_v1.plist */ = {isa = PBXFileReference; fileEncoding = 4; lastKnownFileType = text.plist.xml; path = education_v1.plist; sourceTree = "<group>"; };
		C7743654267449FF0087D85F /* states_v1.plist */ = {isa = PBXFileReference; fileEncoding = 4; lastKnownFileType = text.plist.xml; path = states_v1.plist; sourceTree = "<group>"; };
		C774365526744A000087D85F /* quotes_v1.plist */ = {isa = PBXFileReference; fileEncoding = 4; lastKnownFileType = text.plist.xml; path = quotes_v1.plist; sourceTree = "<group>"; };
		C774365626744A000087D85F /* persons_v1.plist */ = {isa = PBXFileReference; fileEncoding = 4; lastKnownFileType = text.plist.xml; path = persons_v1.plist; sourceTree = "<group>"; };
		C774365726744A010087D85F /* cities_v1.plist */ = {isa = PBXFileReference; fileEncoding = 4; lastKnownFileType = text.plist.xml; path = cities_v1.plist; sourceTree = "<group>"; };
		C774365826744A020087D85F /* writings_v1.plist */ = {isa = PBXFileReference; fileEncoding = 4; lastKnownFileType = text.plist.xml; path = writings_v1.plist; sourceTree = "<group>"; };
		C774365926744A030087D85F /* authorships_v1.plist */ = {isa = PBXFileReference; fileEncoding = 4; lastKnownFileType = text.plist.xml; path = authorships_v1.plist; sourceTree = "<group>"; };
		C774365A26744A040087D85F /* topics_v1.plist */ = {isa = PBXFileReference; fileEncoding = 4; lastKnownFileType = text.plist.xml; path = topics_v1.plist; sourceTree = "<group>"; };
		C7E2DF1A26730B6000D098FE /* Spirit of 76.app */ = {isa = PBXFileReference; explicitFileType = wrapper.application; includeInIndex = 0; path = "Spirit of 76.app"; sourceTree = BUILT_PRODUCTS_DIR; };
		C7E2DF1D26730B6000D098FE /* Spirit_of_76App.swift */ = {isa = PBXFileReference; lastKnownFileType = sourcecode.swift; path = Spirit_of_76App.swift; sourceTree = "<group>"; };
		C7E2DF1F26730B6000D098FE /* ContentView.swift */ = {isa = PBXFileReference; lastKnownFileType = sourcecode.swift; path = ContentView.swift; sourceTree = "<group>"; };
		C7E2DF2126730B6300D098FE /* Assets.xcassets */ = {isa = PBXFileReference; lastKnownFileType = folder.assetcatalog; path = Assets.xcassets; sourceTree = "<group>"; };
		C7E2DF2426730B6300D098FE /* Preview Assets.xcassets */ = {isa = PBXFileReference; lastKnownFileType = folder.assetcatalog; path = "Preview Assets.xcassets"; sourceTree = "<group>"; };
		C7E2DF2626730B6300D098FE /* Persistence.swift */ = {isa = PBXFileReference; lastKnownFileType = sourcecode.swift; path = Persistence.swift; sourceTree = "<group>"; };
		C7E2DF2926730B6300D098FE /* Spirit_of_76.xcdatamodel */ = {isa = PBXFileReference; lastKnownFileType = wrapper.xcdatamodel; path = Spirit_of_76.xcdatamodel; sourceTree = "<group>"; };
		C7E2DF2B26730B6300D098FE /* Info.plist */ = {isa = PBXFileReference; lastKnownFileType = text.plist.xml; path = Info.plist; sourceTree = "<group>"; };
		C7E2DF3526730CB400D098FE /* cities.json */ = {isa = PBXFileReference; fileEncoding = 4; lastKnownFileType = text.json; path = cities.json; sourceTree = "<group>"; };
		C7E2DF3626730CB400D098FE /* signerWritings.json */ = {isa = PBXFileReference; fileEncoding = 4; lastKnownFileType = text.json; path = signerWritings.json; sourceTree = "<group>"; };
		C7E2DF3726730CB400D098FE /* topics.json */ = {isa = PBXFileReference; fileEncoding = 4; lastKnownFileType = text.json; path = topics.json; sourceTree = "<group>"; };
		C7E2DF3826730CB400D098FE /* signers.json */ = {isa = PBXFileReference; fileEncoding = 4; lastKnownFileType = text.json; path = signers.json; sourceTree = "<group>"; };
		C7E2DF3926730CB500D098FE /* signerProfessions.json */ = {isa = PBXFileReference; fileEncoding = 4; lastKnownFileType = text.json; path = signerProfessions.json; sourceTree = "<group>"; };
		C7E2DF3A26730CB500D098FE /* writings.json */ = {isa = PBXFileReference; fileEncoding = 4; lastKnownFileType = text.json; path = writings.json; sourceTree = "<group>"; };
		C7E2DF3B26730CB500D098FE /* countries.json */ = {isa = PBXFileReference; fileEncoding = 4; lastKnownFileType = text.json; path = countries.json; sourceTree = "<group>"; };
		C7E2DF3C26730CB500D098FE /* quotes.json */ = {isa = PBXFileReference; fileEncoding = 4; lastKnownFileType = text.json; path = quotes.json; sourceTree = "<group>"; };
		C7E2DF3D26730CB500D098FE /* signerEducation.json */ = {isa = PBXFileReference; fileEncoding = 4; lastKnownFileType = text.json; path = signerEducation.json; sourceTree = "<group>"; };
		C7E2DF3E26730CB500D098FE /* states.json */ = {isa = PBXFileReference; fileEncoding = 4; lastKnownFileType = text.json; path = states.json; sourceTree = "<group>"; };
		C7E2DF3F26730CB500D098FE /* signerFacts.json */ = {isa = PBXFileReference; fileEncoding = 4; lastKnownFileType = text.json; path = signerFacts.json; sourceTree = "<group>"; };
		C7E2DF4026730CB500D098FE /* events.json */ = {isa = PBXFileReference; fileEncoding = 4; lastKnownFileType = text.json; path = events.json; sourceTree = "<group>"; };
		C7E2DF4D26730CEB00D098FE /* JOBJ */ = {isa = PBXFileReference; lastKnownFileType = folder; path = JOBJ; sourceTree = "<group>"; };
/* End PBXFileReference section */

/* Begin PBXFrameworksBuildPhase section */
		C7E2DF1726730B6000D098FE /* Frameworks */ = {
			isa = PBXFrameworksBuildPhase;
			buildActionMask = 2147483647;
			files = (
				C770FDA32673EC2C00BAB970 /* S123Common in Frameworks */,
			);
			runOnlyForDeploymentPostprocessing = 0;
		};
/* End PBXFrameworksBuildPhase section */

/* Begin PBXGroup section */
		C770FD962673DCAD00BAB970 /* Objects */ = {
			isa = PBXGroup;
			children = (
				C770FD992673DD8100BAB970 /* Constants.swift */,
				C770FDA42673F7D300BAB970 /* JSONHelper.swift */,
				C770FDAC267424E600BAB970 /* PListImporter.swift */,
				C770FDAE267425E300BAB970 /* PListSeeder.swift */,
				C770FD972673DD4C00BAB970 /* ThemeManager.swift */,
				C770FDA72673F89F00BAB970 /* TypeAliases.swift */,
				C770FDB02674273800BAB970 /* UserDefaultKeys.swift */,
				C770FDB2267432F300BAB970 /* plist Models */,
			);
			path = Objects;
			sourceTree = "<group>";
		};
		C770FDA92674187800BAB970 /* plists */ = {
			isa = PBXGroup;
			children = (
				C774365926744A030087D85F /* authorships_v1.plist */,
				C774365726744A010087D85F /* cities_v1.plist */,
				C770FDAA2674188300BAB970 /* countries_v1.plist */,
				C7743653267449FE0087D85F /* education_v1.plist */,
				C770FDB526743D6900BAB970 /* events_v1.plist */,
				C7743651267449FC0087D85F /* facts_v1.plist */,
				C774365626744A000087D85F /* persons_v1.plist */,
				C7743652267449FD0087D85F /* professions_v1.plist */,
				C774365526744A000087D85F /* quotes_v1.plist */,
				C7743654267449FF0087D85F /* states_v1.plist */,
				C774365A26744A040087D85F /* topics_v1.plist */,
				C774365826744A020087D85F /* writings_v1.plist */,
			);
			path = plists;
			sourceTree = "<group>";
		};
		C770FDB2267432F300BAB970 /* plist Models */ = {
			isa = PBXGroup;
			children = (
				C76A07C0267460A300042C42 /* AuthorshipPlist.swift */,
				C76A07B62674545800042C42 /* CityPlist.swift */,
				C770FDB32674332B00BAB970 /* CountryPlist.swift */,
				C76A07BA26745C3C00042C42 /* EducationPlist.swift */,
				C770FDB726743D8F00BAB970 /* EventPlist.swift */,
				C76A07BC26745F5000042C42 /* FactPlist.swift */,
				C76A07B82674555E00042C42 /* PersonPlist.swift */,
				C76A07BE26745FF600042C42 /* ProfessionPlist.swift */,
				C76A07B026744C4200042C42 /* StatePlist.swift */,
				C76A07B226744F4800042C42 /* TopicPlist.swift */,
				C76A07B42674532800042C42 /* WritingsPlist.swift */,
				C76A07C2267461AC00042C42 /* QuotePlist.swift */,
			);
			path = "plist Models";
			sourceTree = "<group>";
		};
		C7E2DF1126730B6000D098FE = {
			isa = PBXGroup;
			children = (
				C7E2DF1C26730B6000D098FE /* Spirit of 76 */,
				C7E2DF1B26730B6000D098FE /* Products */,
			);
			sourceTree = "<group>";
		};
		C7E2DF1B26730B6000D098FE /* Products */ = {
			isa = PBXGroup;
			children = (
				C7E2DF1A26730B6000D098FE /* Spirit of 76.app */,
			);
			name = Products;
			sourceTree = "<group>";
		};
		C7E2DF1C26730B6000D098FE /* Spirit of 76 */ = {
			isa = PBXGroup;
			children = (
				C7E2DF2B26730B6300D098FE /* Info.plist */,
				C7E2DF2626730B6300D098FE /* Persistence.swift */,
				C7E2DF1D26730B6000D098FE /* Spirit_of_76App.swift */,
				C7E2DF3226730C7700D098FE /* Model */,
				C770FD962673DCAD00BAB970 /* Objects */,
				C7E2DF2326730B6300D098FE /* Preview Content */,
				C7E2DF3326730C8600D098FE /* Resources */,
				C7E2DF3126730C7100D098FE /* Views */,
			);
			path = "Spirit of 76";
			sourceTree = "<group>";
		};
		C7E2DF2326730B6300D098FE /* Preview Content */ = {
			isa = PBXGroup;
			children = (
				C7E2DF2426730B6300D098FE /* Preview Assets.xcassets */,
			);
			path = "Preview Content";
			sourceTree = "<group>";
		};
		C7E2DF3126730C7100D098FE /* Views */ = {
			isa = PBXGroup;
			children = (
				C7E2DF1F26730B6000D098FE /* ContentView.swift */,
			);
			path = Views;
			sourceTree = "<group>";
		};
		C7E2DF3226730C7700D098FE /* Model */ = {
			isa = PBXGroup;
			children = (
				C7E2DF4D26730CEB00D098FE /* JOBJ */,
				C7E2DF2826730B6300D098FE /* Spirit_of_76.xcdatamodeld */,
			);
			path = Model;
			sourceTree = "<group>";
		};
		C7E2DF3326730C8600D098FE /* Resources */ = {
			isa = PBXGroup;
			children = (
				C770FDA92674187800BAB970 /* plists */,
				C7E2DF3426730CA000D098FE /* JSON */,
				C7E2DF2126730B6300D098FE /* Assets.xcassets */,
			);
			path = Resources;
			sourceTree = "<group>";
		};
		C7E2DF3426730CA000D098FE /* JSON */ = {
			isa = PBXGroup;
			children = (
				C7E2DF3526730CB400D098FE /* cities.json */,
				C7E2DF3B26730CB500D098FE /* countries.json */,
				C7E2DF4026730CB500D098FE /* events.json */,
				C7E2DF3C26730CB500D098FE /* quotes.json */,
				C7E2DF3D26730CB500D098FE /* signerEducation.json */,
				C7E2DF3F26730CB500D098FE /* signerFacts.json */,
				C7E2DF3926730CB500D098FE /* signerProfessions.json */,
				C7E2DF3826730CB400D098FE /* signers.json */,
				C7E2DF3626730CB400D098FE /* signerWritings.json */,
				C7E2DF3E26730CB500D098FE /* states.json */,
				C7E2DF3726730CB400D098FE /* topics.json */,
				C7E2DF3A26730CB500D098FE /* writings.json */,
			);
			path = JSON;
			sourceTree = "<group>";
		};
/* End PBXGroup section */

/* Begin PBXNativeTarget section */
		C7E2DF1926730B6000D098FE /* Spirit of 76 */ = {
			isa = PBXNativeTarget;
			buildConfigurationList = C7E2DF2E26730B6300D098FE /* Build configuration list for PBXNativeTarget "Spirit of 76" */;
			buildPhases = (
				C7E2DF1626730B6000D098FE /* Sources */,
				C7E2DF1726730B6000D098FE /* Frameworks */,
				C7E2DF1826730B6000D098FE /* Resources */,
			);
			buildRules = (
			);
			dependencies = (
			);
			name = "Spirit of 76";
			packageProductDependencies = (
				C770FDA22673EC2C00BAB970 /* S123Common */,
			);
			productName = "Spirit of 76";
			productReference = C7E2DF1A26730B6000D098FE /* Spirit of 76.app */;
			productType = "com.apple.product-type.application";
		};
/* End PBXNativeTarget section */

/* Begin PBXProject section */
		C7E2DF1226730B6000D098FE /* Project object */ = {
			isa = PBXProject;
			attributes = {
				LastSwiftUpdateCheck = 1250;
				LastUpgradeCheck = 1250;
				TargetAttributes = {
					C7E2DF1926730B6000D098FE = {
						CreatedOnToolsVersion = 12.5;
					};
				};
			};
			buildConfigurationList = C7E2DF1526730B6000D098FE /* Build configuration list for PBXProject "Spirit of 76" */;
			compatibilityVersion = "Xcode 9.3";
			developmentRegion = en;
			hasScannedForEncodings = 0;
			knownRegions = (
				en,
				Base,
			);
			mainGroup = C7E2DF1126730B6000D098FE;
			packageReferences = (
				C770FDA12673EC2C00BAB970 /* XCRemoteSwiftPackageReference "S123Common" */,
			);
			productRefGroup = C7E2DF1B26730B6000D098FE /* Products */;
			projectDirPath = "";
			projectRoot = "";
			targets = (
				C7E2DF1926730B6000D098FE /* Spirit of 76 */,
			);
		};
/* End PBXProject section */

/* Begin PBXResourcesBuildPhase section */
		C7E2DF1826730B6000D098FE /* Resources */ = {
			isa = PBXResourcesBuildPhase;
			buildActionMask = 2147483647;
			files = (
				C7E2DF4526730CB500D098FE /* signerProfessions.json in Resources */,
				C774365C26744A040087D85F /* professions_v1.plist in Resources */,
				C7E2DF4126730CB500D098FE /* cities.json in Resources */,
				C7E2DF2526730B6300D098FE /* Preview Assets.xcassets in Resources */,
				C774365D26744A040087D85F /* education_v1.plist in Resources */,
				C774365B26744A040087D85F /* facts_v1.plist in Resources */,
				C7E2DF4726730CB500D098FE /* countries.json in Resources */,
				C770FDB626743D6900BAB970 /* events_v1.plist in Resources */,
				C7E2DF4226730CB500D098FE /* signerWritings.json in Resources */,
				C770FDAB2674188300BAB970 /* countries_v1.plist in Resources */,
				C774366326744A040087D85F /* authorships_v1.plist in Resources */,
				C7E2DF4626730CB500D098FE /* writings.json in Resources */,
				C774366026744A040087D85F /* persons_v1.plist in Resources */,
				C7E2DF4826730CB500D098FE /* quotes.json in Resources */,
				C774365F26744A040087D85F /* quotes_v1.plist in Resources */,
				C7E2DF4326730CB500D098FE /* topics.json in Resources */,
				C7E2DF4E26730CEB00D098FE /* JOBJ in Resources */,
				C774366126744A040087D85F /* cities_v1.plist in Resources */,
				C774365E26744A040087D85F /* states_v1.plist in Resources */,
				C774366226744A040087D85F /* writings_v1.plist in Resources */,
				C774366426744A040087D85F /* topics_v1.plist in Resources */,
				C7E2DF4926730CB500D098FE /* signerEducation.json in Resources */,
				C7E2DF2226730B6300D098FE /* Assets.xcassets in Resources */,
				C7E2DF4C26730CB500D098FE /* events.json in Resources */,
				C7E2DF4B26730CB500D098FE /* signerFacts.json in Resources */,
				C7E2DF4426730CB500D098FE /* signers.json in Resources */,
				C7E2DF4A26730CB500D098FE /* states.json in Resources */,
			);
			runOnlyForDeploymentPostprocessing = 0;
		};
/* End PBXResourcesBuildPhase section */

/* Begin PBXSourcesBuildPhase section */
		C7E2DF1626730B6000D098FE /* Sources */ = {
			isa = PBXSourcesBuildPhase;
			buildActionMask = 2147483647;
			files = (
				C76A07B92674555E00042C42 /* PersonPlist.swift in Sources */,
				C770FDB826743D8F00BAB970 /* EventPlist.swift in Sources */,
				C76A07B52674532800042C42 /* WritingsPlist.swift in Sources */,
				C770FDA82673F89F00BAB970 /* TypeAliases.swift in Sources */,
				C76A07BF26745FF600042C42 /* ProfessionPlist.swift in Sources */,
				C76A07BD26745F5000042C42 /* FactPlist.swift in Sources */,
				C770FDA52673F7D300BAB970 /* JSONHelper.swift in Sources */,
				C7E2DF2A26730B6300D098FE /* Spirit_of_76.xcdatamodeld in Sources */,
				C76A07B126744C4200042C42 /* StatePlist.swift in Sources */,
				C7E2DF2726730B6300D098FE /* Persistence.swift in Sources */,
				C76A07B72674545800042C42 /* CityPlist.swift in Sources */,
				C770FD982673DD4C00BAB970 /* ThemeManager.swift in Sources */,
				C770FDB42674332B00BAB970 /* CountryPlist.swift in Sources */,
				C76A07C1267460A300042C42 /* AuthorshipPlist.swift in Sources */,
				C770FDB12674273800BAB970 /* UserDefaultKeys.swift in Sources */,
				C76A07B326744F4800042C42 /* TopicPlist.swift in Sources */,
				C770FDAD267424E600BAB970 /* PListImporter.swift in Sources */,
				C7E2DF2026730B6000D098FE /* ContentView.swift in Sources */,
				C7E2DF1E26730B6000D098FE /* Spirit_of_76App.swift in Sources */,
				C76A07C3267461AC00042C42 /* QuotePlist.swift in Sources */,
				C770FDAF267425E300BAB970 /* PListSeeder.swift in Sources */,
				C76A07BB26745C3C00042C42 /* EducationPlist.swift in Sources */,
				C770FD9A2673DD8100BAB970 /* Constants.swift in Sources */,
			);
			runOnlyForDeploymentPostprocessing = 0;
		};
/* End PBXSourcesBuildPhase section */

/* Begin XCBuildConfiguration section */
		C7E2DF2C26730B6300D098FE /* Debug */ = {
			isa = XCBuildConfiguration;
			buildSettings = {
				ALWAYS_SEARCH_USER_PATHS = NO;
				CLANG_ANALYZER_NONNULL = YES;
				CLANG_ANALYZER_NUMBER_OBJECT_CONVERSION = YES_AGGRESSIVE;
				CLANG_CXX_LANGUAGE_STANDARD = "gnu++14";
				CLANG_CXX_LIBRARY = "libc++";
				CLANG_ENABLE_MODULES = YES;
				CLANG_ENABLE_OBJC_ARC = YES;
				CLANG_ENABLE_OBJC_WEAK = YES;
				CLANG_WARN_BLOCK_CAPTURE_AUTORELEASING = YES;
				CLANG_WARN_BOOL_CONVERSION = YES;
				CLANG_WARN_COMMA = YES;
				CLANG_WARN_CONSTANT_CONVERSION = YES;
				CLANG_WARN_DEPRECATED_OBJC_IMPLEMENTATIONS = YES;
				CLANG_WARN_DIRECT_OBJC_ISA_USAGE = YES_ERROR;
				CLANG_WARN_DOCUMENTATION_COMMENTS = YES;
				CLANG_WARN_EMPTY_BODY = YES;
				CLANG_WARN_ENUM_CONVERSION = YES;
				CLANG_WARN_INFINITE_RECURSION = YES;
				CLANG_WARN_INT_CONVERSION = YES;
				CLANG_WARN_NON_LITERAL_NULL_CONVERSION = YES;
				CLANG_WARN_OBJC_IMPLICIT_RETAIN_SELF = YES;
				CLANG_WARN_OBJC_LITERAL_CONVERSION = YES;
				CLANG_WARN_OBJC_ROOT_CLASS = YES_ERROR;
				CLANG_WARN_QUOTED_INCLUDE_IN_FRAMEWORK_HEADER = YES;
				CLANG_WARN_RANGE_LOOP_ANALYSIS = YES;
				CLANG_WARN_STRICT_PROTOTYPES = YES;
				CLANG_WARN_SUSPICIOUS_MOVE = YES;
				CLANG_WARN_UNGUARDED_AVAILABILITY = YES_AGGRESSIVE;
				CLANG_WARN_UNREACHABLE_CODE = YES;
				CLANG_WARN__DUPLICATE_METHOD_MATCH = YES;
				COPY_PHASE_STRIP = NO;
				DEBUG_INFORMATION_FORMAT = dwarf;
				ENABLE_STRICT_OBJC_MSGSEND = YES;
				ENABLE_TESTABILITY = YES;
				GCC_C_LANGUAGE_STANDARD = gnu11;
				GCC_DYNAMIC_NO_PIC = NO;
				GCC_NO_COMMON_BLOCKS = YES;
				GCC_OPTIMIZATION_LEVEL = 0;
				GCC_PREPROCESSOR_DEFINITIONS = (
					"DEBUG=1",
					"$(inherited)",
				);
				GCC_WARN_64_TO_32_BIT_CONVERSION = YES;
				GCC_WARN_ABOUT_RETURN_TYPE = YES_ERROR;
				GCC_WARN_UNDECLARED_SELECTOR = YES;
				GCC_WARN_UNINITIALIZED_AUTOS = YES_AGGRESSIVE;
				GCC_WARN_UNUSED_FUNCTION = YES;
				GCC_WARN_UNUSED_VARIABLE = YES;
				IPHONEOS_DEPLOYMENT_TARGET = 14.5;
				MTL_ENABLE_DEBUG_INFO = INCLUDE_SOURCE;
				MTL_FAST_MATH = YES;
				ONLY_ACTIVE_ARCH = YES;
				SDKROOT = iphoneos;
				SWIFT_ACTIVE_COMPILATION_CONDITIONS = DEBUG;
				SWIFT_OPTIMIZATION_LEVEL = "-Onone";
			};
			name = Debug;
		};
		C7E2DF2D26730B6300D098FE /* Release */ = {
			isa = XCBuildConfiguration;
			buildSettings = {
				ALWAYS_SEARCH_USER_PATHS = NO;
				CLANG_ANALYZER_NONNULL = YES;
				CLANG_ANALYZER_NUMBER_OBJECT_CONVERSION = YES_AGGRESSIVE;
				CLANG_CXX_LANGUAGE_STANDARD = "gnu++14";
				CLANG_CXX_LIBRARY = "libc++";
				CLANG_ENABLE_MODULES = YES;
				CLANG_ENABLE_OBJC_ARC = YES;
				CLANG_ENABLE_OBJC_WEAK = YES;
				CLANG_WARN_BLOCK_CAPTURE_AUTORELEASING = YES;
				CLANG_WARN_BOOL_CONVERSION = YES;
				CLANG_WARN_COMMA = YES;
				CLANG_WARN_CONSTANT_CONVERSION = YES;
				CLANG_WARN_DEPRECATED_OBJC_IMPLEMENTATIONS = YES;
				CLANG_WARN_DIRECT_OBJC_ISA_USAGE = YES_ERROR;
				CLANG_WARN_DOCUMENTATION_COMMENTS = YES;
				CLANG_WARN_EMPTY_BODY = YES;
				CLANG_WARN_ENUM_CONVERSION = YES;
				CLANG_WARN_INFINITE_RECURSION = YES;
				CLANG_WARN_INT_CONVERSION = YES;
				CLANG_WARN_NON_LITERAL_NULL_CONVERSION = YES;
				CLANG_WARN_OBJC_IMPLICIT_RETAIN_SELF = YES;
				CLANG_WARN_OBJC_LITERAL_CONVERSION = YES;
				CLANG_WARN_OBJC_ROOT_CLASS = YES_ERROR;
				CLANG_WARN_QUOTED_INCLUDE_IN_FRAMEWORK_HEADER = YES;
				CLANG_WARN_RANGE_LOOP_ANALYSIS = YES;
				CLANG_WARN_STRICT_PROTOTYPES = YES;
				CLANG_WARN_SUSPICIOUS_MOVE = YES;
				CLANG_WARN_UNGUARDED_AVAILABILITY = YES_AGGRESSIVE;
				CLANG_WARN_UNREACHABLE_CODE = YES;
				CLANG_WARN__DUPLICATE_METHOD_MATCH = YES;
				COPY_PHASE_STRIP = NO;
				DEBUG_INFORMATION_FORMAT = "dwarf-with-dsym";
				ENABLE_NS_ASSERTIONS = NO;
				ENABLE_STRICT_OBJC_MSGSEND = YES;
				GCC_C_LANGUAGE_STANDARD = gnu11;
				GCC_NO_COMMON_BLOCKS = YES;
				GCC_WARN_64_TO_32_BIT_CONVERSION = YES;
				GCC_WARN_ABOUT_RETURN_TYPE = YES_ERROR;
				GCC_WARN_UNDECLARED_SELECTOR = YES;
				GCC_WARN_UNINITIALIZED_AUTOS = YES_AGGRESSIVE;
				GCC_WARN_UNUSED_FUNCTION = YES;
				GCC_WARN_UNUSED_VARIABLE = YES;
				IPHONEOS_DEPLOYMENT_TARGET = 14.5;
				MTL_ENABLE_DEBUG_INFO = NO;
				MTL_FAST_MATH = YES;
				SDKROOT = iphoneos;
				SWIFT_COMPILATION_MODE = wholemodule;
				SWIFT_OPTIMIZATION_LEVEL = "-O";
				VALIDATE_PRODUCT = YES;
			};
			name = Release;
		};
		C7E2DF2F26730B6300D098FE /* Debug */ = {
			isa = XCBuildConfiguration;
			buildSettings = {
				ASSETCATALOG_COMPILER_APPICON_NAME = AppIcon;
				ASSETCATALOG_COMPILER_GLOBAL_ACCENT_COLOR_NAME = AccentColor;
				CODE_SIGN_STYLE = Automatic;
				DEVELOPMENT_ASSET_PATHS = "\"Spirit of 76/Preview Content\"";
				DEVELOPMENT_TEAM = LT2J4Q2FPW;
				ENABLE_PREVIEWS = YES;
				INFOPLIST_FILE = "Spirit of 76/Info.plist";
				IPHONEOS_DEPLOYMENT_TARGET = 14.0;
				LD_RUNPATH_SEARCH_PATHS = (
					"$(inherited)",
					"@executable_path/Frameworks",
				);
				MARKETING_VERSION = 5.0;
				PRODUCT_BUNDLE_IDENTIFIER = com.askeduserve.SpritOf76;
				PRODUCT_NAME = "$(TARGET_NAME)";
				SWIFT_VERSION = 5.0;
				TARGETED_DEVICE_FAMILY = "1,2";
			};
			name = Debug;
		};
		C7E2DF3026730B6300D098FE /* Release */ = {
			isa = XCBuildConfiguration;
			buildSettings = {
				ASSETCATALOG_COMPILER_APPICON_NAME = AppIcon;
				ASSETCATALOG_COMPILER_GLOBAL_ACCENT_COLOR_NAME = AccentColor;
				CODE_SIGN_STYLE = Automatic;
				DEVELOPMENT_ASSET_PATHS = "\"Spirit of 76/Preview Content\"";
				DEVELOPMENT_TEAM = LT2J4Q2FPW;
				ENABLE_PREVIEWS = YES;
				INFOPLIST_FILE = "Spirit of 76/Info.plist";
				IPHONEOS_DEPLOYMENT_TARGET = 14.0;
				LD_RUNPATH_SEARCH_PATHS = (
					"$(inherited)",
					"@executable_path/Frameworks",
				);
				MARKETING_VERSION = 5.0;
				PRODUCT_BUNDLE_IDENTIFIER = com.askeduserve.SpritOf76;
				PRODUCT_NAME = "$(TARGET_NAME)";
				SWIFT_VERSION = 5.0;
				TARGETED_DEVICE_FAMILY = "1,2";
			};
			name = Release;
		};
/* End XCBuildConfiguration section */

/* Begin XCConfigurationList section */
		C7E2DF1526730B6000D098FE /* Build configuration list for PBXProject "Spirit of 76" */ = {
			isa = XCConfigurationList;
			buildConfigurations = (
				C7E2DF2C26730B6300D098FE /* Debug */,
				C7E2DF2D26730B6300D098FE /* Release */,
			);
			defaultConfigurationIsVisible = 0;
			defaultConfigurationName = Release;
		};
		C7E2DF2E26730B6300D098FE /* Build configuration list for PBXNativeTarget "Spirit of 76" */ = {
			isa = XCConfigurationList;
			buildConfigurations = (
				C7E2DF2F26730B6300D098FE /* Debug */,
				C7E2DF3026730B6300D098FE /* Release */,
			);
			defaultConfigurationIsVisible = 0;
			defaultConfigurationName = Release;
		};
/* End XCConfigurationList section */

/* Begin XCRemoteSwiftPackageReference section */
		C770FDA12673EC2C00BAB970 /* XCRemoteSwiftPackageReference "S123Common" */ = {
			isa = XCRemoteSwiftPackageReference;
			repositoryURL = "https://github.com/software123inc/S123Common.git";
			requirement = {
				kind = upToNextMajorVersion;
				minimumVersion = 2.0.0;
			};
		};
/* End XCRemoteSwiftPackageReference section */

/* Begin XCSwiftPackageProductDependency section */
		C770FDA22673EC2C00BAB970 /* S123Common */ = {
			isa = XCSwiftPackageProductDependency;
			package = C770FDA12673EC2C00BAB970 /* XCRemoteSwiftPackageReference "S123Common" */;
			productName = S123Common;
		};
/* End XCSwiftPackageProductDependency section */

/* Begin XCVersionGroup section */
		C7E2DF2826730B6300D098FE /* Spirit_of_76.xcdatamodeld */ = {
			isa = XCVersionGroup;
			children = (
				C7E2DF2926730B6300D098FE /* Spirit_of_76.xcdatamodel */,
			);
			currentVersion = C7E2DF2926730B6300D098FE /* Spirit_of_76.xcdatamodel */;
			path = Spirit_of_76.xcdatamodeld;
			sourceTree = "<group>";
			versionGroupType = wrapper.xcdatamodel;
		};
/* End XCVersionGroup section */
	};
	rootObject = C7E2DF1226730B6000D098FE /* Project object */;
}
